// !$*UTF8*$!
{
	archiveVersion = 1;
	classes = {
	};
	objectVersion = 48;
	objects = {

/* Begin PBXBuildFile section */
		1A4287F22058C54500139197 /* AppDelegate.m in Sources */ = {isa = PBXBuildFile; fileRef = 1A4287F12058C54500139197 /* AppDelegate.m */; };
		1A4287F52058C54500139197 /* ViewController.m in Sources */ = {isa = PBXBuildFile; fileRef = 1A4287F42058C54500139197 /* ViewController.m */; };
		1A4287F82058C54500139197 /* Main.storyboard in Resources */ = {isa = PBXBuildFile; fileRef = 1A4287F62058C54500139197 /* Main.storyboard */; };
		1A4287FA2058C54500139197 /* Assets.xcassets in Resources */ = {isa = PBXBuildFile; fileRef = 1A4287F92058C54500139197 /* Assets.xcassets */; };
		1A4287FD2058C54500139197 /* LaunchScreen.storyboard in Resources */ = {isa = PBXBuildFile; fileRef = 1A4287FB2058C54500139197 /* LaunchScreen.storyboard */; };
		1A4288002058C54500139197 /* main.m in Sources */ = {isa = PBXBuildFile; fileRef = 1A4287FF2058C54500139197 /* main.m */; };
		6324FB7CEEFAF30C176AB039 /* libPods-YL_Healthy.a in Frameworks */ = {isa = PBXBuildFile; fileRef = 27EDB572B3120CF164D4E70C /* libPods-YL_Healthy.a */; };
/* End PBXBuildFile section */

/* Begin PBXFileReference section */
		1A4287ED2058C54500139197 /* YL_Healthy.app */ = {isa = PBXFileReference; explicitFileType = wrapper.application; includeInIndex = 0; path = YL_Healthy.app; sourceTree = BUILT_PRODUCTS_DIR; };
		1A4287F02058C54500139197 /* AppDelegate.h */ = {isa = PBXFileReference; lastKnownFileType = sourcecode.c.h; path = AppDelegate.h; sourceTree = "<group>"; };
		1A4287F12058C54500139197 /* AppDelegate.m */ = {isa = PBXFileReference; lastKnownFileType = sourcecode.c.objc; path = AppDelegate.m; sourceTree = "<group>"; };
		1A4287F32058C54500139197 /* ViewController.h */ = {isa = PBXFileReference; lastKnownFileType = sourcecode.c.h; path = ViewController.h; sourceTree = "<group>"; };
		1A4287F42058C54500139197 /* ViewController.m */ = {isa = PBXFileReference; lastKnownFileType = sourcecode.c.objc; path = ViewController.m; sourceTree = "<group>"; };
		1A4287F72058C54500139197 /* Base */ = {isa = PBXFileReference; lastKnownFileType = file.storyboard; name = Base; path = Base.lproj/Main.storyboard; sourceTree = "<group>"; };
		1A4287F92058C54500139197 /* Assets.xcassets */ = {isa = PBXFileReference; lastKnownFileType = folder.assetcatalog; path = Assets.xcassets; sourceTree = "<group>"; };
		1A4287FC2058C54500139197 /* Base */ = {isa = PBXFileReference; lastKnownFileType = file.storyboard; name = Base; path = Base.lproj/LaunchScreen.storyboard; sourceTree = "<group>"; };
		1A4287FE2058C54500139197 /* Info.plist */ = {isa = PBXFileReference; lastKnownFileType = text.plist.xml; path = Info.plist; sourceTree = "<group>"; };
		1A4287FF2058C54500139197 /* main.m */ = {isa = PBXFileReference; lastKnownFileType = sourcecode.c.objc; path = main.m; sourceTree = "<group>"; };
		27EDB572B3120CF164D4E70C /* libPods-YL_Healthy.a */ = {isa = PBXFileReference; explicitFileType = archive.ar; includeInIndex = 0; path = "libPods-YL_Healthy.a"; sourceTree = BUILT_PRODUCTS_DIR; };
		33DC3652D4894BB62CF151A8 /* Pods-YL_Healthy.release.xcconfig */ = {isa = PBXFileReference; includeInIndex = 1; lastKnownFileType = text.xcconfig; name = "Pods-YL_Healthy.release.xcconfig"; path = "Pods/Target Support Files/Pods-YL_Healthy/Pods-YL_Healthy.release.xcconfig"; sourceTree = "<group>"; };
		57D4E47B6CE5821AD8822308 /* Pods-YL_Healthy.debug.xcconfig */ = {isa = PBXFileReference; includeInIndex = 1; lastKnownFileType = text.xcconfig; name = "Pods-YL_Healthy.debug.xcconfig"; path = "Pods/Target Support Files/Pods-YL_Healthy/Pods-YL_Healthy.debug.xcconfig"; sourceTree = "<group>"; };
/* End PBXFileReference section */

/* Begin PBXFrameworksBuildPhase section */
		1A4287EA2058C54500139197 /* Frameworks */ = {
			isa = PBXFrameworksBuildPhase;
			buildActionMask = 2147483647;
			files = (
				6324FB7CEEFAF30C176AB039 /* libPods-YL_Healthy.a in Frameworks */,
			);
			runOnlyForDeploymentPostprocessing = 0;
		};
/* End PBXFrameworksBuildPhase section */

/* Begin PBXGroup section */
		1A4287E42058C54500139197 = {
			isa = PBXGroup;
			children = (
				1A4287EF2058C54500139197 /* YL_Healthy */,
				1A4287EE2058C54500139197 /* Products */,
				82D814E7FD58CA1AF68A45AF /* Pods */,
				7E9972EF409E47509A778DE4 /* Frameworks */,
			);
			sourceTree = "<group>";
		};
		1A4287EE2058C54500139197 /* Products */ = {
			isa = PBXGroup;
			children = (
				1A4287ED2058C54500139197 /* YL_Healthy.app */,
			);
			name = Products;
			sourceTree = "<group>";
		};
		1A4287EF2058C54500139197 /* YL_Healthy */ = {
			isa = PBXGroup;
			children = (
				1A4287F02058C54500139197 /* AppDelegate.h */,
				1A4287F12058C54500139197 /* AppDelegate.m */,
				1A4287F32058C54500139197 /* ViewController.h */,
				1A4287F42058C54500139197 /* ViewController.m */,
				1A4287F62058C54500139197 /* Main.storyboard */,
				1A4287F92058C54500139197 /* Assets.xcassets */,
				1A4287FB2058C54500139197 /* LaunchScreen.storyboard */,
				1A4287FE2058C54500139197 /* Info.plist */,
				1A4287FF2058C54500139197 /* main.m */,
			);
			path = YL_Healthy;
			sourceTree = "<group>";
		};
		7E9972EF409E47509A778DE4 /* Frameworks */ = {
			isa = PBXGroup;
			children = (
				27EDB572B3120CF164D4E70C /* libPods-YL_Healthy.a */,
			);
			name = Frameworks;
			sourceTree = "<group>";
		};
		82D814E7FD58CA1AF68A45AF /* Pods */ = {
			isa = PBXGroup;
			children = (
				57D4E47B6CE5821AD8822308 /* Pods-YL_Healthy.debug.xcconfig */,
				33DC3652D4894BB62CF151A8 /* Pods-YL_Healthy.release.xcconfig */,
			);
			name = Pods;
			sourceTree = "<group>";
		};
/* End PBXGroup section */

/* Begin PBXNativeTarget section */
		1A4287EC2058C54500139197 /* YL_Healthy */ = {
			isa = PBXNativeTarget;
			buildConfigurationList = 1A4288032058C54500139197 /* Build configuration list for PBXNativeTarget "YL_Healthy" */;
			buildPhases = (
				DED60E204546E724C56CB48C /* [CP] Check Pods Manifest.lock */,
				1A4287E92058C54500139197 /* Sources */,
				1A4287EA2058C54500139197 /* Frameworks */,
				1A4287EB2058C54500139197 /* Resources */,
				5EAD0B542828AD747A56B007 /* [CP] Embed Pods Frameworks */,
				997531BC000DD73730466E0E /* [CP] Copy Pods Resources */,
			);
			buildRules = (
			);
			dependencies = (
			);
			name = YL_Healthy;
			productName = YL_Healthy;
			productReference = 1A4287ED2058C54500139197 /* YL_Healthy.app */;
			productType = "com.apple.product-type.application";
		};
/* End PBXNativeTarget section */

/* Begin PBXProject section */
		1A4287E52058C54500139197 /* Project object */ = {
			isa = PBXProject;
			attributes = {
				LastUpgradeCheck = 0920;
				ORGANIZATIONNAME = "曾洪磊";
				TargetAttributes = {
					1A4287EC2058C54500139197 = {
						CreatedOnToolsVersion = 9.2;
						ProvisioningStyle = Automatic;
					};
				};
			};
			buildConfigurationList = 1A4287E82058C54500139197 /* Build configuration list for PBXProject "YL_Healthy" */;
			compatibilityVersion = "Xcode 8.0";
			developmentRegion = en;
			hasScannedForEncodings = 0;
			knownRegions = (
				en,
				Base,
			);
			mainGroup = 1A4287E42058C54500139197;
			productRefGroup = 1A4287EE2058C54500139197 /* Products */;
			projectDirPath = "";
			projectRoot = "";
			targets = (
				1A4287EC2058C54500139197 /* YL_Healthy */,
			);
		};
/* End PBXProject section */

/* Begin PBXResourcesBuildPhase section */
		1A4287EB2058C54500139197 /* Resources */ = {
			isa = PBXResourcesBuildPhase;
			buildActionMask = 2147483647;
			files = (
				1A4287FD2058C54500139197 /* LaunchScreen.storyboard in Resources */,
				1A4287FA2058C54500139197 /* Assets.xcassets in Resources */,
				1A4287F82058C54500139197 /* Main.storyboard in Resources */,
			);
			runOnlyForDeploymentPostprocessing = 0;
		};
/* End PBXResourcesBuildPhase section */

/* Begin PBXShellScriptBuildPhase section */
		5EAD0B542828AD747A56B007 /* [CP] Embed Pods Frameworks */ = {
			isa = PBXShellScriptBuildPhase;
			buildActionMask = 2147483647;
			files = (
			);
			inputPaths = (
			);
			name = "[CP] Embed Pods Frameworks";
			outputPaths = (
			);
			runOnlyForDeploymentPostprocessing = 0;
			shellPath = /bin/sh;
			shellScript = "\"${SRCROOT}/Pods/Target Support Files/Pods-YL_Healthy/Pods-YL_Healthy-frameworks.sh\"\n";
			showEnvVarsInLog = 0;
		};
		997531BC000DD73730466E0E /* [CP] Copy Pods Resources */ = {
			isa = PBXShellScriptBuildPhase;
			buildActionMask = 2147483647;
			files = (
			);
			inputPaths = (
				"${SRCROOT}/Pods/Target Support Files/Pods-YL_Healthy/Pods-YL_Healthy-resources.sh",
				"${PODS_ROOT}/IQKeyboardManager/IQKeyboardManager/Resources/IQKeyboardManager.bundle",
				"${PODS_ROOT}/MJRefresh/MJRefresh/MJRefresh.bundle",
			);
			name = "[CP] Copy Pods Resources";
			outputPaths = (
				"${TARGET_BUILD_DIR}/${UNLOCALIZED_RESOURCES_FOLDER_PATH}",
			);
			runOnlyForDeploymentPostprocessing = 0;
			shellPath = /bin/sh;
			shellScript = "\"${SRCROOT}/Pods/Target Support Files/Pods-YL_Healthy/Pods-YL_Healthy-resources.sh\"\n";
			showEnvVarsInLog = 0;
		};
		DED60E204546E724C56CB48C /* [CP] Check Pods Manifest.lock */ = {
			isa = PBXShellScriptBuildPhase;
			buildActionMask = 2147483647;
			files = (
			);
			inputPaths = (
				"${PODS_PODFILE_DIR_PATH}/Podfile.lock",
				"${PODS_ROOT}/Manifest.lock",
			);
			name = "[CP] Check Pods Manifest.lock";
			outputPaths = (
				"$(DERIVED_FILE_DIR)/Pods-YL_Healthy-checkManifestLockResult.txt",
			);
			runOnlyForDeploymentPostprocessing = 0;
			shellPath = /bin/sh;
			shellScript = "diff \"${PODS_PODFILE_DIR_PATH}/Podfile.lock\" \"${PODS_ROOT}/Manifest.lock\" > /dev/null\nif [ $? != 0 ] ; then\n    # print error to STDERR\n    echo \"error: The sandbox is not in sync with the Podfile.lock. Run 'pod install' or update your CocoaPods installation.\" >&2\n    exit 1\nfi\n# This output is used by Xcode 'outputs' to avoid re-running this script phase.\necho \"SUCCESS\" > \"${SCRIPT_OUTPUT_FILE_0}\"\n";
			showEnvVarsInLog = 0;
		};
/* End PBXShellScriptBuildPhase section */

/* Begin PBXSourcesBuildPhase section */
		1A4287E92058C54500139197 /* Sources */ = {
			isa = PBXSourcesBuildPhase;
			buildActionMask = 2147483647;
			files = (
				1A4287F52058C54500139197 /* ViewController.m in Sources */,
				1A4288002058C54500139197 /* main.m in Sources */,
				1A4287F22058C54500139197 /* AppDelegate.m in Sources */,
			);
			runOnlyForDeploymentPostprocessing = 0;
		};
/* End PBXSourcesBuildPhase section */

/* Begin PBXVariantGroup section */
		1A4287F62058C54500139197 /* Main.storyboard */ = {
			isa = PBXVariantGroup;
			children = (
				1A4287F72058C54500139197 /* Base */,
			);
			name = Main.storyboard;
			sourceTree = "<group>";
		};
		1A4287FB2058C54500139197 /* LaunchScreen.storyboard */ = {
			isa = PBXVariantGroup;
			children = (
				1A4287FC2058C54500139197 /* Base */,
			);
			name = LaunchScreen.storyboard;
			sourceTree = "<group>";
		};
/* End PBXVariantGroup section */

/* Begin XCBuildConfiguration section */
		1A4288012058C54500139197 /* Debug */ = {
			isa = XCBuildConfiguration;
			buildSettings = {
				ALWAYS_SEARCH_USER_PATHS = NO;
				CLANG_ANALYZER_NONNULL = YES;
				CLANG_ANALYZER_NUMBER_OBJECT_CONVERSION = YES_AGGRESSIVE;
				CLANG_CXX_LANGUAGE_STANDARD = "gnu++14";
				CLANG_CXX_LIBRARY = "libc++";
				CLANG_ENABLE_MODULES = YES;
				CLANG_ENABLE_OBJC_ARC = YES;
				CLANG_WARN_BLOCK_CAPTURE_AUTORELEASING = YES;
				CLANG_WARN_BOOL_CONVERSION = YES;
				CLANG_WARN_COMMA = YES;
				CLANG_WARN_CONSTANT_CONVERSION = YES;
				CLANG_WARN_DIRECT_OBJC_ISA_USAGE = YES_ERROR;
				CLANG_WARN_DOCUMENTATION_COMMENTS = YES;
				CLANG_WARN_EMPTY_BODY = YES;
				CLANG_WARN_ENUM_CONVERSION = YES;
				CLANG_WARN_INFINITE_RECURSION = YES;
				CLANG_WARN_INT_CONVERSION = YES;
				CLANG_WARN_NON_LITERAL_NULL_CONVERSION = YES;
				CLANG_WARN_OBJC_LITERAL_CONVERSION = YES;
				CLANG_WARN_OBJC_ROOT_CLASS = YES_ERROR;
				CLANG_WARN_RANGE_LOOP_ANALYSIS = YES;
				CLANG_WARN_STRICT_PROTOTYPES = YES;
				CLANG_WARN_SUSPICIOUS_MOVE = YES;
				CLANG_WARN_UNGUARDED_AVAILABILITY = YES_AGGRESSIVE;
				CLANG_WARN_UNREACHABLE_CODE = YES;
				CLANG_WARN__DUPLICATE_METHOD_MATCH = YES;
				CODE_SIGN_IDENTITY = "iPhone Developer";
				COPY_PHASE_STRIP = NO;
				DEBUG_INFORMATION_FORMAT = dwarf;
				ENABLE_STRICT_OBJC_MSGSEND = YES;
				ENABLE_TESTABILITY = YES;
				GCC_C_LANGUAGE_STANDARD = gnu11;
				GCC_DYNAMIC_NO_PIC = NO;
				GCC_NO_COMMON_BLOCKS = YES;
				GCC_OPTIMIZATION_LEVEL = 0;
				GCC_PREPROCESSOR_DEFINITIONS = (
					"DEBUG=1",
					"$(inherited)",
				);
				GCC_WARN_64_TO_32_BIT_CONVERSION = YES;
				GCC_WARN_ABOUT_RETURN_TYPE = YES_ERROR;
				GCC_WARN_UNDECLARED_SELECTOR = YES;
				GCC_WARN_UNINITIALIZED_AUTOS = YES_AGGRESSIVE;
				GCC_WARN_UNUSED_FUNCTION = YES;
				GCC_WARN_UNUSED_VARIABLE = YES;
				IPHONEOS_DEPLOYMENT_TARGET = 11.2;
				MTL_ENABLE_DEBUG_INFO = YES;
				ONLY_ACTIVE_ARCH = YES;
				SDKROOT = iphoneos;
			};
			name = Debug;
		};
		1A4288022058C54500139197 /* Release */ = {
			isa = XCBuildConfiguration;
			buildSettings = {
				ALWAYS_SEARCH_USER_PATHS = NO;
				CLANG_ANALYZER_NONNULL = YES;
				CLANG_ANALYZER_NUMBER_OBJECT_CONVERSION = YES_AGGRESSIVE;
				CLANG_CXX_LANGUAGE_STANDARD = "gnu++14";
				CLANG_CXX_LIBRARY = "libc++";
				CLANG_ENABLE_MODULES = YES;
				CLANG_ENABLE_OBJC_ARC = YES;
				CLANG_WARN_BLOCK_CAPTURE_AUTORELEASING = YES;
				CLANG_WARN_BOOL_CONVERSION = YES;
				CLANG_WARN_COMMA = YES;
				CLANG_WARN_CONSTANT_CONVERSION = YES;
				CLANG_WARN_DIRECT_OBJC_ISA_USAGE = YES_ERROR;
				CLANG_WARN_DOCUMENTATION_COMMENTS = YES;
				CLANG_WARN_EMPTY_BODY = YES;
				CLANG_WARN_ENUM_CONVERSION = YES;
				CLANG_WARN_INFINITE_RECURSION = YES;
				CLANG_WARN_INT_CONVERSION = YES;
				CLANG_WARN_NON_LITERAL_NULL_CONVERSION = YES;
				CLANG_WARN_OBJC_LITERAL_CONVERSION = YES;
				CLANG_WARN_OBJC_ROOT_CLASS = YES_ERROR;
				CLANG_WARN_RANGE_LOOP_ANALYSIS = YES;
				CLANG_WARN_STRICT_PROTOTYPES = YES;
				CLANG_WARN_SUSPICIOUS_MOVE = YES;
				CLANG_WARN_UNGUARDED_AVAILABILITY = YES_AGGRESSIVE;
				CLANG_WARN_UNREACHABLE_CODE = YES;
				CLANG_WARN__DUPLICATE_METHOD_MATCH = YES;
				CODE_SIGN_IDENTITY = "iPhone Developer";
				COPY_PHASE_STRIP = NO;
				DEBUG_INFORMATION_FORMAT = "dwarf-with-dsym";
				ENABLE_NS_ASSERTIONS = NO;
				ENABLE_STRICT_OBJC_MSGSEND = YES;
				GCC_C_LANGUAGE_STANDARD = gnu11;
				GCC_NO_COMMON_BLOCKS = YES;
				GCC_WARN_64_TO_32_BIT_CONVERSION = YES;
				GCC_WARN_ABOUT_RETURN_TYPE = YES_ERROR;
				GCC_WARN_UNDECLARED_SELECTOR = YES;
				GCC_WARN_UNINITIALIZED_AUTOS = YES_AGGRESSIVE;
				GCC_WARN_UNUSED_FUNCTION = YES;
				GCC_WARN_UNUSED_VARIABLE = YES;
				IPHONEOS_DEPLOYMENT_TARGET = 11.2;
				MTL_ENABLE_DEBUG_INFO = NO;
				SDKROOT = iphoneos;
				VALIDATE_PRODUCT = YES;
			};
			name = Release;
		};
		1A4288042058C54500139197 /* Debug */ = {
			isa = XCBuildConfiguration;
			baseConfigurationReference = 57D4E47B6CE5821AD8822308 /* Pods-YL_Healthy.debug.xcconfig */;
			buildSettings = {
				ASSETCATALOG_COMPILER_APPICON_NAME = AppIcon;
				CODE_SIGN_STYLE = Automatic;
				DEVELOPMENT_TEAM = 96SAHL399V;
				INFOPLIST_FILE = YL_Healthy/Info.plist;
				LD_RUNPATH_SEARCH_PATHS = "$(inherited) @executable_path/Frameworks";
				PRODUCT_BUNDLE_IDENTIFIER = "text.YL-Healthy";
				PRODUCT_NAME = "$(TARGET_NAME)";
				TARGETED_DEVICE_FAMILY = "1,2";
			};
			name = Debug;
		};
		1A4288052058C54500139197 /* Release */ = {
			isa = XCBuildConfiguration;
			baseConfigurationReference = 33DC3652D4894BB62CF151A8 /* Pods-YL_Healthy.release.xcconfig */;
			buildSettings = {
				ASSETCATALOG_COMPILER_APPICON_NAME = AppIcon;
				CODE_SIGN_STYLE = Automatic;
				DEVELOPMENT_TEAM = 96SAHL399V;
				INFOPLIST_FILE = YL_Healthy/Info.plist;
				LD_RUNPATH_SEARCH_PATHS = "$(inherited) @executable_path/Frameworks";
				PRODUCT_BUNDLE_IDENTIFIER = "text.YL-Healthy";
				PRODUCT_NAME = "$(TARGET_NAME)";
				TARGETED_DEVICE_FAMILY = "1,2";
			};
			name = Release;
		};
/* End XCBuildConfiguration section */

/* Begin XCConfigurationList section */
		1A4287E82058C54500139197 /* Build configuration list for PBXProject "YL_Healthy" */ = {
			isa = XCConfigurationList;
			buildConfigurations = (
				1A4288012058C54500139197 /* Debug */,
				1A4288022058C54500139197 /* Release */,
			);
			defaultConfigurationIsVisible = 0;
			defaultConfigurationName = Release;
		};
		1A4288032058C54500139197 /* Build configuration list for PBXNativeTarget "YL_Healthy" */ = {
			isa = XCConfigurationList;
			buildConfigurations = (
				1A4288042058C54500139197 /* Debug */,
				1A4288052058C54500139197 /* Release */,
			);
			defaultConfigurationIsVisible = 0;
			defaultConfigurationName = Release;
		};
/* End XCConfigurationList section */
	};
	rootObject = 1A4287E52058C54500139197 /* Project object */;
}
