// !$*UTF8*$!
{
	archiveVersion = 1;
	classes = {
	};
	objectVersion = 48;
	objects = {

/* Begin PBXBuildFile section */
		110ED600206A222600EEA83C /* ItemManagerController.m in Sources */ = {isa = PBXBuildFile; fileRef = 110ED5FE206A222600EEA83C /* ItemManagerController.m */; };
		110ED601206A222600EEA83C /* ItemManagerController.xib in Resources */ = {isa = PBXBuildFile; fileRef = 110ED5FF206A222600EEA83C /* ItemManagerController.xib */; };
		110ED606206B283700EEA83C /* SettingController.m in Sources */ = {isa = PBXBuildFile; fileRef = 110ED604206B283700EEA83C /* SettingController.m */; };
		110ED607206B283700EEA83C /* SettingController.xib in Resources */ = {isa = PBXBuildFile; fileRef = 110ED605206B283700EEA83C /* SettingController.xib */; };
		110ED60B206B2A2400EEA83C /* ChangePwdController.m in Sources */ = {isa = PBXBuildFile; fileRef = 110ED609206B2A2400EEA83C /* ChangePwdController.m */; };
		110ED60C206B2A2400EEA83C /* ChangePwdController.xib in Resources */ = {isa = PBXBuildFile; fileRef = 110ED60A206B2A2400EEA83C /* ChangePwdController.xib */; };
		110ED610206B2CBA00EEA83C /* AboutController.m in Sources */ = {isa = PBXBuildFile; fileRef = 110ED60E206B2CBA00EEA83C /* AboutController.m */; };
		110ED611206B2CBA00EEA83C /* AboutController.xib in Resources */ = {isa = PBXBuildFile; fileRef = 110ED60F206B2CBA00EEA83C /* AboutController.xib */; };
		110ED615206B2F9600EEA83C /* UserInfoController.m in Sources */ = {isa = PBXBuildFile; fileRef = 110ED613206B2F9600EEA83C /* UserInfoController.m */; };
		110ED616206B2F9600EEA83C /* UserInfoController.xib in Resources */ = {isa = PBXBuildFile; fileRef = 110ED614206B2F9600EEA83C /* UserInfoController.xib */; };
		110ED61B206B492E00EEA83C /* ItemSearchController.m in Sources */ = {isa = PBXBuildFile; fileRef = 110ED619206B492E00EEA83C /* ItemSearchController.m */; };
		110ED61C206B492E00EEA83C /* ItemSearchController.xib in Resources */ = {isa = PBXBuildFile; fileRef = 110ED61A206B492E00EEA83C /* ItemSearchController.xib */; };
		110ED621206B795A00EEA83C /* ItemCell.m in Sources */ = {isa = PBXBuildFile; fileRef = 110ED61F206B795A00EEA83C /* ItemCell.m */; };
		110ED622206B795A00EEA83C /* ItemCell.xib in Resources */ = {isa = PBXBuildFile; fileRef = 110ED620206B795A00EEA83C /* ItemCell.xib */; };
		113EE402206C903C00332DAE /* DeviceChooseController.m in Sources */ = {isa = PBXBuildFile; fileRef = 113EE400206C903C00332DAE /* DeviceChooseController.m */; };
		113EE403206C903C00332DAE /* DeviceChooseController.xib in Resources */ = {isa = PBXBuildFile; fileRef = 113EE401206C903C00332DAE /* DeviceChooseController.xib */; };
		11C5DAC32058F565005F09CD /* CALayer+CircleBoard.m in Sources */ = {isa = PBXBuildFile; fileRef = 11C5DA0A2058F564005F09CD /* CALayer+CircleBoard.m */; };
		11C5DAC42058F565005F09CD /* UIImage+Color.m in Sources */ = {isa = PBXBuildFile; fileRef = 11C5DA0C2058F564005F09CD /* UIImage+Color.m */; };
		11C5DAC52058F565005F09CD /* UIView+EX.m in Sources */ = {isa = PBXBuildFile; fileRef = 11C5DA0E2058F564005F09CD /* UIView+EX.m */; };
		11C5DAC62058F565005F09CD /* CBSegmentView.m in Sources */ = {isa = PBXBuildFile; fileRef = 11C5DA102058F564005F09CD /* CBSegmentView.m */; };
		11C5DAC72058F565005F09CD /* CCDatePickerView.m in Sources */ = {isa = PBXBuildFile; fileRef = 11C5DA122058F564005F09CD /* CCDatePickerView.m */; };
		11C5DAC82058F565005F09CD /* CodeView.m in Sources */ = {isa = PBXBuildFile; fileRef = 11C5DA152058F564005F09CD /* CodeView.m */; };
		11C5DAC92058F565005F09CD /* NSString+Category.m in Sources */ = {isa = PBXBuildFile; fileRef = 11C5DA172058F564005F09CD /* NSString+Category.m */; };
		11C5DACB2058F565005F09CD /* ImageCenterButton.m in Sources */ = {isa = PBXBuildFile; fileRef = 11C5DA1B2058F564005F09CD /* ImageCenterButton.m */; };
		11C5DACC2058F565005F09CD /* KRBaseTool.m in Sources */ = {isa = PBXBuildFile; fileRef = 11C5DA1D2058F564005F09CD /* KRBaseTool.m */; };
		11C5DACD2058F565005F09CD /* KRMainNetTool.m in Sources */ = {isa = PBXBuildFile; fileRef = 11C5DA1F2058F564005F09CD /* KRMainNetTool.m */; };
		11C5DACE2058F565005F09CD /* KRMySegmentView.m in Sources */ = {isa = PBXBuildFile; fileRef = 11C5DA212058F564005F09CD /* KRMySegmentView.m */; };
		11C5DACF2058F565005F09CD /* KRMyTextView.m in Sources */ = {isa = PBXBuildFile; fileRef = 11C5DA232058F564005F09CD /* KRMyTextView.m */; };
		11C5DAD02058F565005F09CD /* KRUserInfo.m in Sources */ = {isa = PBXBuildFile; fileRef = 11C5DA252058F564005F09CD /* KRUserInfo.m */; };
		11C5DAD12058F565005F09CD /* LDXScore.m in Sources */ = {isa = PBXBuildFile; fileRef = 11C5DA272058F564005F09CD /* LDXScore.m */; };
		11C5DAD22058F565005F09CD /* NSString+LocaString.m in Sources */ = {isa = PBXBuildFile; fileRef = 11C5DA2A2058F564005F09CD /* NSString+LocaString.m */; };
		11C5DAE02058F565005F09CD /* SDBrowserImageView.m in Sources */ = {isa = PBXBuildFile; fileRef = 11C5DA912058F564005F09CD /* SDBrowserImageView.m */; };
		11C5DAE12058F565005F09CD /* SDPhotoBrowser.m in Sources */ = {isa = PBXBuildFile; fileRef = 11C5DA932058F564005F09CD /* SDPhotoBrowser.m */; };
		11C5DAE22058F565005F09CD /* SDWaitingView.m in Sources */ = {isa = PBXBuildFile; fileRef = 11C5DA962058F564005F09CD /* SDWaitingView.m */; };
		11C5DAE32058F565005F09CD /* TYPagerController.m in Sources */ = {isa = PBXBuildFile; fileRef = 11C5DA9A2058F564005F09CD /* TYPagerController.m */; };
		11C5DAE42058F565005F09CD /* TYTabButtonPagerController.m in Sources */ = {isa = PBXBuildFile; fileRef = 11C5DA9C2058F564005F09CD /* TYTabButtonPagerController.m */; };
		11C5DAE52058F565005F09CD /* TYTabPagerController.m in Sources */ = {isa = PBXBuildFile; fileRef = 11C5DA9E2058F564005F09CD /* TYTabPagerController.m */; };
		11C5DAE62058F565005F09CD /* TYTabTitleViewCell.m in Sources */ = {isa = PBXBuildFile; fileRef = 11C5DAA12058F564005F09CD /* TYTabTitleViewCell.m */; };
		11C5DAE72058F565005F09CD /* YHArcSlider.m in Sources */ = {isa = PBXBuildFile; fileRef = 11C5DAA32058F564005F09CD /* YHArcSlider.m */; };
		11C5DAE82058F565005F09CD /* YHMath.m in Sources */ = {isa = PBXBuildFile; fileRef = 11C5DAA52058F564005F09CD /* YHMath.m */; };
		11C5DAE92058F565005F09CD /* ZLPhotoCell.m in Sources */ = {isa = PBXBuildFile; fileRef = 11C5DAA82058F564005F09CD /* ZLPhotoCell.m */; };
		11C5DAEA2058F565005F09CD /* ZLPhotoCell.xib in Resources */ = {isa = PBXBuildFile; fileRef = 11C5DAA92058F564005F09CD /* ZLPhotoCell.xib */; };
		11C5DAEB2058F565005F09CD /* ZLPhotoHelper.m in Sources */ = {isa = PBXBuildFile; fileRef = 11C5DAAB2058F564005F09CD /* ZLPhotoHelper.m */; };
		11C5DAEC2058F565005F09CD /* ZLPickPhotoViewController.m in Sources */ = {isa = PBXBuildFile; fileRef = 11C5DAAD2058F564005F09CD /* ZLPickPhotoViewController.m */; };
		11C5DAED2058F565005F09CD /* ZLShowImageViewController.m in Sources */ = {isa = PBXBuildFile; fileRef = 11C5DAAF2058F564005F09CD /* ZLShowImageViewController.m */; };
		11C5DAEE2058F565005F09CD /* MBProgressHUD+KR.m in Sources */ = {isa = PBXBuildFile; fileRef = 11C5DAB22058F564005F09CD /* MBProgressHUD+KR.m */; };
		11C5DAEF2058F565005F09CD /* MBProgressHUD.bundle in Resources */ = {isa = PBXBuildFile; fileRef = 11C5DAB32058F564005F09CD /* MBProgressHUD.bundle */; };
		11C5DAF02058F565005F09CD /* NSDictionary+deletNull.m in Sources */ = {isa = PBXBuildFile; fileRef = 11C5DAB52058F564005F09CD /* NSDictionary+deletNull.m */; };
		11C5DAF12058F565005F09CD /* NSObject+KRExtention.m in Sources */ = {isa = PBXBuildFile; fileRef = 11C5DAB72058F564005F09CD /* NSObject+KRExtention.m */; };
		11C5DAF22058F565005F09CD /* NSString+CZNSStringExt.m in Sources */ = {isa = PBXBuildFile; fileRef = 11C5DAB92058F564005F09CD /* NSString+CZNSStringExt.m */; };
		11C5DAF32058F565005F09CD /* UITableView+KREmptyData.m in Sources */ = {isa = PBXBuildFile; fileRef = 11C5DABB2058F564005F09CD /* UITableView+KREmptyData.m */; };
		11C5DAF42058F565005F09CD /* UIView+BorderLine.m in Sources */ = {isa = PBXBuildFile; fileRef = 11C5DABD2058F564005F09CD /* UIView+BorderLine.m */; };
		11C5DAF52058F565005F09CD /* NewPagedFlowView.m in Sources */ = {isa = PBXBuildFile; fileRef = 11C5DAC02058F564005F09CD /* NewPagedFlowView.m */; };
		11C5DAF62058F565005F09CD /* PGIndexBannerSubiew.m in Sources */ = {isa = PBXBuildFile; fileRef = 11C5DAC22058F564005F09CD /* PGIndexBannerSubiew.m */; };
		11C5DAFA2058F6F5005F09CD /* BaseViewController.m in Sources */ = {isa = PBXBuildFile; fileRef = 11C5DAF92058F6F5005F09CD /* BaseViewController.m */; };
		11C5DAFD2058F7E4005F09CD /* BaseNaviViewController.m in Sources */ = {isa = PBXBuildFile; fileRef = 11C5DAFC2058F7E4005F09CD /* BaseNaviViewController.m */; };
		11C5DB042058FDD8005F09CD /* HomeViewController.m in Sources */ = {isa = PBXBuildFile; fileRef = 11C5DB022058FDD8005F09CD /* HomeViewController.m */; };
		11C5DB052058FDD8005F09CD /* HomeViewController.xib in Resources */ = {isa = PBXBuildFile; fileRef = 11C5DB032058FDD8005F09CD /* HomeViewController.xib */; };
		11C5DB092059017E005F09CD /* LoginViewController.m in Sources */ = {isa = PBXBuildFile; fileRef = 11C5DB072059017E005F09CD /* LoginViewController.m */; };
		11C5DB0A2059017E005F09CD /* LoginViewController.xib in Resources */ = {isa = PBXBuildFile; fileRef = 11C5DB082059017E005F09CD /* LoginViewController.xib */; };
		11C5DB0E20591038005F09CD /* CompleteInfoController.m in Sources */ = {isa = PBXBuildFile; fileRef = 11C5DB0C20591038005F09CD /* CompleteInfoController.m */; };
		11C5DB0F20591038005F09CD /* CompleteInfoController.xib in Resources */ = {isa = PBXBuildFile; fileRef = 11C5DB0D20591038005F09CD /* CompleteInfoController.xib */; };
		11C5DB12205919E9005F09CD /* KRDatePicker.m in Sources */ = {isa = PBXBuildFile; fileRef = 11C5DB11205919E9005F09CD /* KRDatePicker.m */; };
		11C5DB14205919FA005F09CD /* KRDatePicker.xib in Resources */ = {isa = PBXBuildFile; fileRef = 11C5DB13205919FA005F09CD /* KRDatePicker.xib */; };
		11C5DB19205924FC005F09CD /* CommitItemController.m in Sources */ = {isa = PBXBuildFile; fileRef = 11C5DB17205924FC005F09CD /* CommitItemController.m */; };
		11C5DB1A205924FC005F09CD /* CommitItemController.xib in Resources */ = {isa = PBXBuildFile; fileRef = 11C5DB18205924FC005F09CD /* CommitItemController.xib */; };
		11C5DB35205A17C6005F09CD /* CommitDeviceController.m in Sources */ = {isa = PBXBuildFile; fileRef = 11C5DB33205A17C6005F09CD /* CommitDeviceController.m */; };
		11C5DB36205A17C6005F09CD /* CommitDeviceController.xib in Resources */ = {isa = PBXBuildFile; fileRef = 11C5DB34205A17C6005F09CD /* CommitDeviceController.xib */; };
		11C5DB3A205A1AF5005F09CD /* DeviceInfoView.m in Sources */ = {isa = PBXBuildFile; fileRef = 11C5DB39205A1AF5005F09CD /* DeviceInfoView.m */; };
		11C5DB3E205A50AC005F09CD /* CommitSuccessController.m in Sources */ = {isa = PBXBuildFile; fileRef = 11C5DB3C205A50AC005F09CD /* CommitSuccessController.m */; };
		11C5DB3F205A50AC005F09CD /* CommitSuccessController.xib in Resources */ = {isa = PBXBuildFile; fileRef = 11C5DB3D205A50AC005F09CD /* CommitSuccessController.xib */; };
		1A154517206F84B000260AB3 /* AddManagerProViewController.m in Sources */ = {isa = PBXBuildFile; fileRef = 1A154515206F84B000260AB3 /* AddManagerProViewController.m */; };
		1A154518206F84B000260AB3 /* AddManagerProViewController.xib in Resources */ = {isa = PBXBuildFile; fileRef = 1A154516206F84B000260AB3 /* AddManagerProViewController.xib */; };
		1A15451C206F8CA200260AB3 /* AddWorkViewController.m in Sources */ = {isa = PBXBuildFile; fileRef = 1A15451A206F8CA200260AB3 /* AddWorkViewController.m */; };
		1A15451D206F8CA200260AB3 /* AddWorkViewController.xib in Resources */ = {isa = PBXBuildFile; fileRef = 1A15451B206F8CA200260AB3 /* AddWorkViewController.xib */; };
		1A4287F22058C54500139197 /* AppDelegate.m in Sources */ = {isa = PBXBuildFile; fileRef = 1A4287F12058C54500139197 /* AppDelegate.m */; };
		1A4287FA2058C54500139197 /* Assets.xcassets in Resources */ = {isa = PBXBuildFile; fileRef = 1A4287F92058C54500139197 /* Assets.xcassets */; };
		1A4287FD2058C54500139197 /* LaunchScreen.storyboard in Resources */ = {isa = PBXBuildFile; fileRef = 1A4287FB2058C54500139197 /* LaunchScreen.storyboard */; };
		1A4288002058C54500139197 /* main.m in Sources */ = {isa = PBXBuildFile; fileRef = 1A4287FF2058C54500139197 /* main.m */; };
		1ABBBDED206BB35600EF5E73 /* ProjectDeatilModel.m in Sources */ = {isa = PBXBuildFile; fileRef = 1ABBBDEC206BB35600EF5E73 /* ProjectDeatilModel.m */; };
		1ABBBDF0206BB36500EF5E73 /* ProjectDetailViewController.m in Sources */ = {isa = PBXBuildFile; fileRef = 1ABBBDEF206BB36500EF5E73 /* ProjectDetailViewController.m */; };
		1ABBBDF3206BB57600EF5E73 /* ProjectDeviceModel.m in Sources */ = {isa = PBXBuildFile; fileRef = 1ABBBDF2206BB57600EF5E73 /* ProjectDeviceModel.m */; };
		1ABBBDF6206BB59100EF5E73 /* ProjectIncidentModel.m in Sources */ = {isa = PBXBuildFile; fileRef = 1ABBBDF5206BB59100EF5E73 /* ProjectIncidentModel.m */; };
		6324FB7CEEFAF30C176AB039 /* libPods-YL_Healthy.a in Frameworks */ = {isa = PBXBuildFile; fileRef = 27EDB572B3120CF164D4E70C /* libPods-YL_Healthy.a */; };
/* End PBXBuildFile section */

/* Begin PBXFileReference section */
		110ED5FD206A222600EEA83C /* ItemManagerController.h */ = {isa = PBXFileReference; lastKnownFileType = sourcecode.c.h; path = ItemManagerController.h; sourceTree = "<group>"; };
		110ED5FE206A222600EEA83C /* ItemManagerController.m */ = {isa = PBXFileReference; lastKnownFileType = sourcecode.c.objc; path = ItemManagerController.m; sourceTree = "<group>"; };
		110ED5FF206A222600EEA83C /* ItemManagerController.xib */ = {isa = PBXFileReference; lastKnownFileType = file.xib; path = ItemManagerController.xib; sourceTree = "<group>"; };
		110ED603206B283700EEA83C /* SettingController.h */ = {isa = PBXFileReference; lastKnownFileType = sourcecode.c.h; path = SettingController.h; sourceTree = "<group>"; };
		110ED604206B283700EEA83C /* SettingController.m */ = {isa = PBXFileReference; lastKnownFileType = sourcecode.c.objc; path = SettingController.m; sourceTree = "<group>"; };
		110ED605206B283700EEA83C /* SettingController.xib */ = {isa = PBXFileReference; lastKnownFileType = file.xib; path = SettingController.xib; sourceTree = "<group>"; };
		110ED608206B2A2300EEA83C /* ChangePwdController.h */ = {isa = PBXFileReference; lastKnownFileType = sourcecode.c.h; path = ChangePwdController.h; sourceTree = "<group>"; };
		110ED609206B2A2400EEA83C /* ChangePwdController.m */ = {isa = PBXFileReference; lastKnownFileType = sourcecode.c.objc; path = ChangePwdController.m; sourceTree = "<group>"; };
		110ED60A206B2A2400EEA83C /* ChangePwdController.xib */ = {isa = PBXFileReference; lastKnownFileType = file.xib; path = ChangePwdController.xib; sourceTree = "<group>"; };
		110ED60D206B2CBA00EEA83C /* AboutController.h */ = {isa = PBXFileReference; lastKnownFileType = sourcecode.c.h; path = AboutController.h; sourceTree = "<group>"; };
		110ED60E206B2CBA00EEA83C /* AboutController.m */ = {isa = PBXFileReference; lastKnownFileType = sourcecode.c.objc; path = AboutController.m; sourceTree = "<group>"; };
		110ED60F206B2CBA00EEA83C /* AboutController.xib */ = {isa = PBXFileReference; lastKnownFileType = file.xib; path = AboutController.xib; sourceTree = "<group>"; };
		110ED612206B2F9600EEA83C /* UserInfoController.h */ = {isa = PBXFileReference; lastKnownFileType = sourcecode.c.h; path = UserInfoController.h; sourceTree = "<group>"; };
		110ED613206B2F9600EEA83C /* UserInfoController.m */ = {isa = PBXFileReference; lastKnownFileType = sourcecode.c.objc; path = UserInfoController.m; sourceTree = "<group>"; };
		110ED614206B2F9600EEA83C /* UserInfoController.xib */ = {isa = PBXFileReference; lastKnownFileType = file.xib; path = UserInfoController.xib; sourceTree = "<group>"; };
		110ED618206B492E00EEA83C /* ItemSearchController.h */ = {isa = PBXFileReference; lastKnownFileType = sourcecode.c.h; path = ItemSearchController.h; sourceTree = "<group>"; };
		110ED619206B492E00EEA83C /* ItemSearchController.m */ = {isa = PBXFileReference; lastKnownFileType = sourcecode.c.objc; path = ItemSearchController.m; sourceTree = "<group>"; };
		110ED61A206B492E00EEA83C /* ItemSearchController.xib */ = {isa = PBXFileReference; lastKnownFileType = file.xib; path = ItemSearchController.xib; sourceTree = "<group>"; };
		110ED61E206B795A00EEA83C /* ItemCell.h */ = {isa = PBXFileReference; lastKnownFileType = sourcecode.c.h; path = ItemCell.h; sourceTree = "<group>"; };
		110ED61F206B795A00EEA83C /* ItemCell.m */ = {isa = PBXFileReference; lastKnownFileType = sourcecode.c.objc; path = ItemCell.m; sourceTree = "<group>"; };
		110ED620206B795A00EEA83C /* ItemCell.xib */ = {isa = PBXFileReference; lastKnownFileType = file.xib; path = ItemCell.xib; sourceTree = "<group>"; };
		113EE3FF206C903C00332DAE /* DeviceChooseController.h */ = {isa = PBXFileReference; lastKnownFileType = sourcecode.c.h; path = DeviceChooseController.h; sourceTree = "<group>"; };
		113EE400206C903C00332DAE /* DeviceChooseController.m */ = {isa = PBXFileReference; lastKnownFileType = sourcecode.c.objc; path = DeviceChooseController.m; sourceTree = "<group>"; };
		113EE401206C903C00332DAE /* DeviceChooseController.xib */ = {isa = PBXFileReference; lastKnownFileType = file.xib; path = DeviceChooseController.xib; sourceTree = "<group>"; };
		11C5DA092058F564005F09CD /* CALayer+CircleBoard.h */ = {isa = PBXFileReference; fileEncoding = 4; lastKnownFileType = sourcecode.c.h; path = "CALayer+CircleBoard.h"; sourceTree = "<group>"; };
		11C5DA0A2058F564005F09CD /* CALayer+CircleBoard.m */ = {isa = PBXFileReference; fileEncoding = 4; lastKnownFileType = sourcecode.c.objc; path = "CALayer+CircleBoard.m"; sourceTree = "<group>"; };
		11C5DA0B2058F564005F09CD /* UIImage+Color.h */ = {isa = PBXFileReference; fileEncoding = 4; lastKnownFileType = sourcecode.c.h; path = "UIImage+Color.h"; sourceTree = "<group>"; };
		11C5DA0C2058F564005F09CD /* UIImage+Color.m */ = {isa = PBXFileReference; fileEncoding = 4; lastKnownFileType = sourcecode.c.objc; path = "UIImage+Color.m"; sourceTree = "<group>"; };
		11C5DA0D2058F564005F09CD /* UIView+EX.h */ = {isa = PBXFileReference; fileEncoding = 4; lastKnownFileType = sourcecode.c.h; path = "UIView+EX.h"; sourceTree = "<group>"; };
		11C5DA0E2058F564005F09CD /* UIView+EX.m */ = {isa = PBXFileReference; fileEncoding = 4; lastKnownFileType = sourcecode.c.objc; path = "UIView+EX.m"; sourceTree = "<group>"; };
		11C5DA0F2058F564005F09CD /* CBSegmentView.h */ = {isa = PBXFileReference; fileEncoding = 4; lastKnownFileType = sourcecode.c.h; path = CBSegmentView.h; sourceTree = "<group>"; };
		11C5DA102058F564005F09CD /* CBSegmentView.m */ = {isa = PBXFileReference; fileEncoding = 4; lastKnownFileType = sourcecode.c.objc; path = CBSegmentView.m; sourceTree = "<group>"; };
		11C5DA112058F564005F09CD /* CCDatePickerView.h */ = {isa = PBXFileReference; fileEncoding = 4; lastKnownFileType = sourcecode.c.h; path = CCDatePickerView.h; sourceTree = "<group>"; };
		11C5DA122058F564005F09CD /* CCDatePickerView.m */ = {isa = PBXFileReference; fileEncoding = 4; lastKnownFileType = sourcecode.c.objc; path = CCDatePickerView.m; sourceTree = "<group>"; };
		11C5DA142058F564005F09CD /* CodeView.h */ = {isa = PBXFileReference; fileEncoding = 4; lastKnownFileType = sourcecode.c.h; path = CodeView.h; sourceTree = "<group>"; };
		11C5DA152058F564005F09CD /* CodeView.m */ = {isa = PBXFileReference; fileEncoding = 4; lastKnownFileType = sourcecode.c.objc; path = CodeView.m; sourceTree = "<group>"; };
		11C5DA162058F564005F09CD /* NSString+Category.h */ = {isa = PBXFileReference; fileEncoding = 4; lastKnownFileType = sourcecode.c.h; path = "NSString+Category.h"; sourceTree = "<group>"; };
		11C5DA172058F564005F09CD /* NSString+Category.m */ = {isa = PBXFileReference; fileEncoding = 4; lastKnownFileType = sourcecode.c.objc; path = "NSString+Category.m"; sourceTree = "<group>"; };
		11C5DA1A2058F564005F09CD /* ImageCenterButton.h */ = {isa = PBXFileReference; fileEncoding = 4; lastKnownFileType = sourcecode.c.h; path = ImageCenterButton.h; sourceTree = "<group>"; };
		11C5DA1B2058F564005F09CD /* ImageCenterButton.m */ = {isa = PBXFileReference; fileEncoding = 4; lastKnownFileType = sourcecode.c.objc; path = ImageCenterButton.m; sourceTree = "<group>"; };
		11C5DA1C2058F564005F09CD /* KRBaseTool.h */ = {isa = PBXFileReference; fileEncoding = 4; lastKnownFileType = sourcecode.c.h; path = KRBaseTool.h; sourceTree = "<group>"; };
		11C5DA1D2058F564005F09CD /* KRBaseTool.m */ = {isa = PBXFileReference; fileEncoding = 4; lastKnownFileType = sourcecode.c.objc; path = KRBaseTool.m; sourceTree = "<group>"; };
		11C5DA1E2058F564005F09CD /* KRMainNetTool.h */ = {isa = PBXFileReference; fileEncoding = 4; lastKnownFileType = sourcecode.c.h; path = KRMainNetTool.h; sourceTree = "<group>"; };
		11C5DA1F2058F564005F09CD /* KRMainNetTool.m */ = {isa = PBXFileReference; fileEncoding = 4; lastKnownFileType = sourcecode.c.objc; path = KRMainNetTool.m; sourceTree = "<group>"; };
		11C5DA202058F564005F09CD /* KRMySegmentView.h */ = {isa = PBXFileReference; fileEncoding = 4; lastKnownFileType = sourcecode.c.h; path = KRMySegmentView.h; sourceTree = "<group>"; };
		11C5DA212058F564005F09CD /* KRMySegmentView.m */ = {isa = PBXFileReference; fileEncoding = 4; lastKnownFileType = sourcecode.c.objc; path = KRMySegmentView.m; sourceTree = "<group>"; };
		11C5DA222058F564005F09CD /* KRMyTextView.h */ = {isa = PBXFileReference; fileEncoding = 4; lastKnownFileType = sourcecode.c.h; path = KRMyTextView.h; sourceTree = "<group>"; };
		11C5DA232058F564005F09CD /* KRMyTextView.m */ = {isa = PBXFileReference; fileEncoding = 4; lastKnownFileType = sourcecode.c.objc; path = KRMyTextView.m; sourceTree = "<group>"; };
		11C5DA242058F564005F09CD /* KRUserInfo.h */ = {isa = PBXFileReference; fileEncoding = 4; lastKnownFileType = sourcecode.c.h; path = KRUserInfo.h; sourceTree = "<group>"; };
		11C5DA252058F564005F09CD /* KRUserInfo.m */ = {isa = PBXFileReference; fileEncoding = 4; lastKnownFileType = sourcecode.c.objc; path = KRUserInfo.m; sourceTree = "<group>"; };
		11C5DA262058F564005F09CD /* LDXScore.h */ = {isa = PBXFileReference; fileEncoding = 4; lastKnownFileType = sourcecode.c.h; path = LDXScore.h; sourceTree = "<group>"; };
		11C5DA272058F564005F09CD /* LDXScore.m */ = {isa = PBXFileReference; fileEncoding = 4; lastKnownFileType = sourcecode.c.objc; path = LDXScore.m; sourceTree = "<group>"; };
		11C5DA282058F564005F09CD /* LRMacroDefinitionHeader.h */ = {isa = PBXFileReference; fileEncoding = 4; lastKnownFileType = sourcecode.c.h; path = LRMacroDefinitionHeader.h; sourceTree = "<group>"; };
		11C5DA292058F564005F09CD /* NSString+LocaString.h */ = {isa = PBXFileReference; fileEncoding = 4; lastKnownFileType = sourcecode.c.h; path = "NSString+LocaString.h"; sourceTree = "<group>"; };
		11C5DA2A2058F564005F09CD /* NSString+LocaString.m */ = {isa = PBXFileReference; fileEncoding = 4; lastKnownFileType = sourcecode.c.objc; path = "NSString+LocaString.m"; sourceTree = "<group>"; };
		11C5DA902058F564005F09CD /* SDBrowserImageView.h */ = {isa = PBXFileReference; fileEncoding = 4; lastKnownFileType = sourcecode.c.h; path = SDBrowserImageView.h; sourceTree = "<group>"; };
		11C5DA912058F564005F09CD /* SDBrowserImageView.m */ = {isa = PBXFileReference; fileEncoding = 4; lastKnownFileType = sourcecode.c.objc; path = SDBrowserImageView.m; sourceTree = "<group>"; };
		11C5DA922058F564005F09CD /* SDPhotoBrowser.h */ = {isa = PBXFileReference; fileEncoding = 4; lastKnownFileType = sourcecode.c.h; path = SDPhotoBrowser.h; sourceTree = "<group>"; };
		11C5DA932058F564005F09CD /* SDPhotoBrowser.m */ = {isa = PBXFileReference; fileEncoding = 4; lastKnownFileType = sourcecode.c.objc; path = SDPhotoBrowser.m; sourceTree = "<group>"; };
		11C5DA942058F564005F09CD /* SDPhotoBrowserConfig.h */ = {isa = PBXFileReference; fileEncoding = 4; lastKnownFileType = sourcecode.c.h; path = SDPhotoBrowserConfig.h; sourceTree = "<group>"; };
		11C5DA952058F564005F09CD /* SDWaitingView.h */ = {isa = PBXFileReference; fileEncoding = 4; lastKnownFileType = sourcecode.c.h; path = SDWaitingView.h; sourceTree = "<group>"; };
		11C5DA962058F564005F09CD /* SDWaitingView.m */ = {isa = PBXFileReference; fileEncoding = 4; lastKnownFileType = sourcecode.c.objc; path = SDWaitingView.m; sourceTree = "<group>"; };
		11C5DA972058F564005F09CD /* Singleton.h */ = {isa = PBXFileReference; fileEncoding = 4; lastKnownFileType = sourcecode.c.h; path = Singleton.h; sourceTree = "<group>"; };
		11C5DA992058F564005F09CD /* TYPagerController.h */ = {isa = PBXFileReference; fileEncoding = 4; lastKnownFileType = sourcecode.c.h; path = TYPagerController.h; sourceTree = "<group>"; };
		11C5DA9A2058F564005F09CD /* TYPagerController.m */ = {isa = PBXFileReference; fileEncoding = 4; lastKnownFileType = sourcecode.c.objc; path = TYPagerController.m; sourceTree = "<group>"; };
		11C5DA9B2058F564005F09CD /* TYTabButtonPagerController.h */ = {isa = PBXFileReference; fileEncoding = 4; lastKnownFileType = sourcecode.c.h; path = TYTabButtonPagerController.h; sourceTree = "<group>"; };
		11C5DA9C2058F564005F09CD /* TYTabButtonPagerController.m */ = {isa = PBXFileReference; fileEncoding = 4; lastKnownFileType = sourcecode.c.objc; path = TYTabButtonPagerController.m; sourceTree = "<group>"; };
		11C5DA9D2058F564005F09CD /* TYTabPagerController.h */ = {isa = PBXFileReference; fileEncoding = 4; lastKnownFileType = sourcecode.c.h; path = TYTabPagerController.h; sourceTree = "<group>"; };
		11C5DA9E2058F564005F09CD /* TYTabPagerController.m */ = {isa = PBXFileReference; fileEncoding = 4; lastKnownFileType = sourcecode.c.objc; path = TYTabPagerController.m; sourceTree = "<group>"; };
		11C5DA9F2058F564005F09CD /* TYTabTitleCellProtocol.h */ = {isa = PBXFileReference; fileEncoding = 4; lastKnownFileType = sourcecode.c.h; path = TYTabTitleCellProtocol.h; sourceTree = "<group>"; };
		11C5DAA02058F564005F09CD /* TYTabTitleViewCell.h */ = {isa = PBXFileReference; fileEncoding = 4; lastKnownFileType = sourcecode.c.h; path = TYTabTitleViewCell.h; sourceTree = "<group>"; };
		11C5DAA12058F564005F09CD /* TYTabTitleViewCell.m */ = {isa = PBXFileReference; fileEncoding = 4; lastKnownFileType = sourcecode.c.objc; path = TYTabTitleViewCell.m; sourceTree = "<group>"; };
		11C5DAA22058F564005F09CD /* YHArcSlider.h */ = {isa = PBXFileReference; fileEncoding = 4; lastKnownFileType = sourcecode.c.h; path = YHArcSlider.h; sourceTree = "<group>"; };
		11C5DAA32058F564005F09CD /* YHArcSlider.m */ = {isa = PBXFileReference; fileEncoding = 4; lastKnownFileType = sourcecode.c.objc; path = YHArcSlider.m; sourceTree = "<group>"; };
		11C5DAA42058F564005F09CD /* YHMath.h */ = {isa = PBXFileReference; fileEncoding = 4; lastKnownFileType = sourcecode.c.h; path = YHMath.h; sourceTree = "<group>"; };
		11C5DAA52058F564005F09CD /* YHMath.m */ = {isa = PBXFileReference; fileEncoding = 4; lastKnownFileType = sourcecode.c.objc; path = YHMath.m; sourceTree = "<group>"; };
		11C5DAA72058F564005F09CD /* ZLPhotoCell.h */ = {isa = PBXFileReference; fileEncoding = 4; lastKnownFileType = sourcecode.c.h; path = ZLPhotoCell.h; sourceTree = "<group>"; };
		11C5DAA82058F564005F09CD /* ZLPhotoCell.m */ = {isa = PBXFileReference; fileEncoding = 4; lastKnownFileType = sourcecode.c.objc; path = ZLPhotoCell.m; sourceTree = "<group>"; };
		11C5DAA92058F564005F09CD /* ZLPhotoCell.xib */ = {isa = PBXFileReference; fileEncoding = 4; lastKnownFileType = file.xib; path = ZLPhotoCell.xib; sourceTree = "<group>"; };
		11C5DAAA2058F564005F09CD /* ZLPhotoHelper.h */ = {isa = PBXFileReference; fileEncoding = 4; lastKnownFileType = sourcecode.c.h; path = ZLPhotoHelper.h; sourceTree = "<group>"; };
		11C5DAAB2058F564005F09CD /* ZLPhotoHelper.m */ = {isa = PBXFileReference; fileEncoding = 4; lastKnownFileType = sourcecode.c.objc; path = ZLPhotoHelper.m; sourceTree = "<group>"; };
		11C5DAAC2058F564005F09CD /* ZLPickPhotoViewController.h */ = {isa = PBXFileReference; fileEncoding = 4; lastKnownFileType = sourcecode.c.h; path = ZLPickPhotoViewController.h; sourceTree = "<group>"; };
		11C5DAAD2058F564005F09CD /* ZLPickPhotoViewController.m */ = {isa = PBXFileReference; fileEncoding = 4; lastKnownFileType = sourcecode.c.objc; path = ZLPickPhotoViewController.m; sourceTree = "<group>"; };
		11C5DAAE2058F564005F09CD /* ZLShowImageViewController.h */ = {isa = PBXFileReference; fileEncoding = 4; lastKnownFileType = sourcecode.c.h; path = ZLShowImageViewController.h; sourceTree = "<group>"; };
		11C5DAAF2058F564005F09CD /* ZLShowImageViewController.m */ = {isa = PBXFileReference; fileEncoding = 4; lastKnownFileType = sourcecode.c.objc; path = ZLShowImageViewController.m; sourceTree = "<group>"; };
		11C5DAB12058F564005F09CD /* MBProgressHUD+KR.h */ = {isa = PBXFileReference; fileEncoding = 4; lastKnownFileType = sourcecode.c.h; path = "MBProgressHUD+KR.h"; sourceTree = "<group>"; };
		11C5DAB22058F564005F09CD /* MBProgressHUD+KR.m */ = {isa = PBXFileReference; fileEncoding = 4; lastKnownFileType = sourcecode.c.objc; path = "MBProgressHUD+KR.m"; sourceTree = "<group>"; };
		11C5DAB32058F564005F09CD /* MBProgressHUD.bundle */ = {isa = PBXFileReference; lastKnownFileType = "wrapper.plug-in"; path = MBProgressHUD.bundle; sourceTree = "<group>"; };
		11C5DAB42058F564005F09CD /* NSDictionary+deletNull.h */ = {isa = PBXFileReference; fileEncoding = 4; lastKnownFileType = sourcecode.c.h; path = "NSDictionary+deletNull.h"; sourceTree = "<group>"; };
		11C5DAB52058F564005F09CD /* NSDictionary+deletNull.m */ = {isa = PBXFileReference; fileEncoding = 4; lastKnownFileType = sourcecode.c.objc; path = "NSDictionary+deletNull.m"; sourceTree = "<group>"; };
		11C5DAB62058F564005F09CD /* NSObject+KRExtention.h */ = {isa = PBXFileReference; fileEncoding = 4; lastKnownFileType = sourcecode.c.h; path = "NSObject+KRExtention.h"; sourceTree = "<group>"; };
		11C5DAB72058F564005F09CD /* NSObject+KRExtention.m */ = {isa = PBXFileReference; fileEncoding = 4; lastKnownFileType = sourcecode.c.objc; path = "NSObject+KRExtention.m"; sourceTree = "<group>"; };
		11C5DAB82058F564005F09CD /* NSString+CZNSStringExt.h */ = {isa = PBXFileReference; fileEncoding = 4; lastKnownFileType = sourcecode.c.h; path = "NSString+CZNSStringExt.h"; sourceTree = "<group>"; };
		11C5DAB92058F564005F09CD /* NSString+CZNSStringExt.m */ = {isa = PBXFileReference; fileEncoding = 4; lastKnownFileType = sourcecode.c.objc; path = "NSString+CZNSStringExt.m"; sourceTree = "<group>"; };
		11C5DABA2058F564005F09CD /* UITableView+KREmptyData.h */ = {isa = PBXFileReference; fileEncoding = 4; lastKnownFileType = sourcecode.c.h; path = "UITableView+KREmptyData.h"; sourceTree = "<group>"; };
		11C5DABB2058F564005F09CD /* UITableView+KREmptyData.m */ = {isa = PBXFileReference; fileEncoding = 4; lastKnownFileType = sourcecode.c.objc; path = "UITableView+KREmptyData.m"; sourceTree = "<group>"; };
		11C5DABC2058F564005F09CD /* UIView+BorderLine.h */ = {isa = PBXFileReference; fileEncoding = 4; lastKnownFileType = sourcecode.c.h; path = "UIView+BorderLine.h"; sourceTree = "<group>"; };
		11C5DABD2058F564005F09CD /* UIView+BorderLine.m */ = {isa = PBXFileReference; fileEncoding = 4; lastKnownFileType = sourcecode.c.objc; path = "UIView+BorderLine.m"; sourceTree = "<group>"; };
		11C5DABF2058F564005F09CD /* NewPagedFlowView.h */ = {isa = PBXFileReference; fileEncoding = 4; lastKnownFileType = sourcecode.c.h; path = NewPagedFlowView.h; sourceTree = "<group>"; };
		11C5DAC02058F564005F09CD /* NewPagedFlowView.m */ = {isa = PBXFileReference; fileEncoding = 4; lastKnownFileType = sourcecode.c.objc; path = NewPagedFlowView.m; sourceTree = "<group>"; };
		11C5DAC12058F564005F09CD /* PGIndexBannerSubiew.h */ = {isa = PBXFileReference; fileEncoding = 4; lastKnownFileType = sourcecode.c.h; path = PGIndexBannerSubiew.h; sourceTree = "<group>"; };
		11C5DAC22058F564005F09CD /* PGIndexBannerSubiew.m */ = {isa = PBXFileReference; fileEncoding = 4; lastKnownFileType = sourcecode.c.objc; path = PGIndexBannerSubiew.m; sourceTree = "<group>"; };
		11C5DAF72058F584005F09CD /* PrefixHeader.pch */ = {isa = PBXFileReference; lastKnownFileType = sourcecode.c.h; path = PrefixHeader.pch; sourceTree = "<group>"; };
		11C5DAF82058F6F5005F09CD /* BaseViewController.h */ = {isa = PBXFileReference; fileEncoding = 4; lastKnownFileType = sourcecode.c.h; path = BaseViewController.h; sourceTree = "<group>"; };
		11C5DAF92058F6F5005F09CD /* BaseViewController.m */ = {isa = PBXFileReference; fileEncoding = 4; lastKnownFileType = sourcecode.c.objc; path = BaseViewController.m; sourceTree = "<group>"; };
		11C5DAFB2058F7E3005F09CD /* BaseNaviViewController.h */ = {isa = PBXFileReference; fileEncoding = 4; lastKnownFileType = sourcecode.c.h; path = BaseNaviViewController.h; sourceTree = "<group>"; };
		11C5DAFC2058F7E4005F09CD /* BaseNaviViewController.m */ = {isa = PBXFileReference; fileEncoding = 4; lastKnownFileType = sourcecode.c.objc; path = BaseNaviViewController.m; sourceTree = "<group>"; };
		11C5DB012058FDD8005F09CD /* HomeViewController.h */ = {isa = PBXFileReference; lastKnownFileType = sourcecode.c.h; path = HomeViewController.h; sourceTree = "<group>"; };
		11C5DB022058FDD8005F09CD /* HomeViewController.m */ = {isa = PBXFileReference; lastKnownFileType = sourcecode.c.objc; path = HomeViewController.m; sourceTree = "<group>"; };
		11C5DB032058FDD8005F09CD /* HomeViewController.xib */ = {isa = PBXFileReference; lastKnownFileType = file.xib; path = HomeViewController.xib; sourceTree = "<group>"; };
		11C5DB062059017E005F09CD /* LoginViewController.h */ = {isa = PBXFileReference; lastKnownFileType = sourcecode.c.h; path = LoginViewController.h; sourceTree = "<group>"; };
		11C5DB072059017E005F09CD /* LoginViewController.m */ = {isa = PBXFileReference; lastKnownFileType = sourcecode.c.objc; path = LoginViewController.m; sourceTree = "<group>"; };
		11C5DB082059017E005F09CD /* LoginViewController.xib */ = {isa = PBXFileReference; lastKnownFileType = file.xib; path = LoginViewController.xib; sourceTree = "<group>"; };
		11C5DB0B20591038005F09CD /* CompleteInfoController.h */ = {isa = PBXFileReference; lastKnownFileType = sourcecode.c.h; path = CompleteInfoController.h; sourceTree = "<group>"; };
		11C5DB0C20591038005F09CD /* CompleteInfoController.m */ = {isa = PBXFileReference; lastKnownFileType = sourcecode.c.objc; path = CompleteInfoController.m; sourceTree = "<group>"; };
		11C5DB0D20591038005F09CD /* CompleteInfoController.xib */ = {isa = PBXFileReference; lastKnownFileType = file.xib; path = CompleteInfoController.xib; sourceTree = "<group>"; };
		11C5DB10205919E9005F09CD /* KRDatePicker.h */ = {isa = PBXFileReference; lastKnownFileType = sourcecode.c.h; path = KRDatePicker.h; sourceTree = "<group>"; };
		11C5DB11205919E9005F09CD /* KRDatePicker.m */ = {isa = PBXFileReference; lastKnownFileType = sourcecode.c.objc; path = KRDatePicker.m; sourceTree = "<group>"; };
		11C5DB13205919FA005F09CD /* KRDatePicker.xib */ = {isa = PBXFileReference; lastKnownFileType = file.xib; path = KRDatePicker.xib; sourceTree = "<group>"; };
		11C5DB16205924FC005F09CD /* CommitItemController.h */ = {isa = PBXFileReference; lastKnownFileType = sourcecode.c.h; path = CommitItemController.h; sourceTree = "<group>"; };
		11C5DB17205924FC005F09CD /* CommitItemController.m */ = {isa = PBXFileReference; lastKnownFileType = sourcecode.c.objc; path = CommitItemController.m; sourceTree = "<group>"; };
		11C5DB18205924FC005F09CD /* CommitItemController.xib */ = {isa = PBXFileReference; lastKnownFileType = file.xib; path = CommitItemController.xib; sourceTree = "<group>"; };
		11C5DB32205A17C6005F09CD /* CommitDeviceController.h */ = {isa = PBXFileReference; lastKnownFileType = sourcecode.c.h; path = CommitDeviceController.h; sourceTree = "<group>"; };
		11C5DB33205A17C6005F09CD /* CommitDeviceController.m */ = {isa = PBXFileReference; lastKnownFileType = sourcecode.c.objc; path = CommitDeviceController.m; sourceTree = "<group>"; };
		11C5DB34205A17C6005F09CD /* CommitDeviceController.xib */ = {isa = PBXFileReference; lastKnownFileType = file.xib; path = CommitDeviceController.xib; sourceTree = "<group>"; };
		11C5DB38205A1AF5005F09CD /* DeviceInfoView.h */ = {isa = PBXFileReference; lastKnownFileType = sourcecode.c.h; path = DeviceInfoView.h; sourceTree = "<group>"; };
		11C5DB39205A1AF5005F09CD /* DeviceInfoView.m */ = {isa = PBXFileReference; lastKnownFileType = sourcecode.c.objc; path = DeviceInfoView.m; sourceTree = "<group>"; };
		11C5DB3B205A50AC005F09CD /* CommitSuccessController.h */ = {isa = PBXFileReference; lastKnownFileType = sourcecode.c.h; path = CommitSuccessController.h; sourceTree = "<group>"; };
		11C5DB3C205A50AC005F09CD /* CommitSuccessController.m */ = {isa = PBXFileReference; lastKnownFileType = sourcecode.c.objc; path = CommitSuccessController.m; sourceTree = "<group>"; };
		11C5DB3D205A50AC005F09CD /* CommitSuccessController.xib */ = {isa = PBXFileReference; lastKnownFileType = file.xib; path = CommitSuccessController.xib; sourceTree = "<group>"; };
		1A154514206F84B000260AB3 /* AddManagerProViewController.h */ = {isa = PBXFileReference; lastKnownFileType = sourcecode.c.h; path = AddManagerProViewController.h; sourceTree = "<group>"; };
		1A154515206F84B000260AB3 /* AddManagerProViewController.m */ = {isa = PBXFileReference; lastKnownFileType = sourcecode.c.objc; path = AddManagerProViewController.m; sourceTree = "<group>"; };
		1A154516206F84B000260AB3 /* AddManagerProViewController.xib */ = {isa = PBXFileReference; lastKnownFileType = file.xib; path = AddManagerProViewController.xib; sourceTree = "<group>"; };
		1A154519206F8CA200260AB3 /* AddWorkViewController.h */ = {isa = PBXFileReference; lastKnownFileType = sourcecode.c.h; path = AddWorkViewController.h; sourceTree = "<group>"; };
		1A15451A206F8CA200260AB3 /* AddWorkViewController.m */ = {isa = PBXFileReference; lastKnownFileType = sourcecode.c.objc; path = AddWorkViewController.m; sourceTree = "<group>"; };
		1A15451B206F8CA200260AB3 /* AddWorkViewController.xib */ = {isa = PBXFileReference; lastKnownFileType = file.xib; path = AddWorkViewController.xib; sourceTree = "<group>"; };
		1A4287ED2058C54500139197 /* YL_Healthy.app */ = {isa = PBXFileReference; explicitFileType = wrapper.application; includeInIndex = 0; path = YL_Healthy.app; sourceTree = BUILT_PRODUCTS_DIR; };
		1A4287F02058C54500139197 /* AppDelegate.h */ = {isa = PBXFileReference; lastKnownFileType = sourcecode.c.h; path = AppDelegate.h; sourceTree = "<group>"; };
		1A4287F12058C54500139197 /* AppDelegate.m */ = {isa = PBXFileReference; lastKnownFileType = sourcecode.c.objc; path = AppDelegate.m; sourceTree = "<group>"; };
		1A4287F92058C54500139197 /* Assets.xcassets */ = {isa = PBXFileReference; lastKnownFileType = folder.assetcatalog; path = Assets.xcassets; sourceTree = "<group>"; };
		1A4287FC2058C54500139197 /* Base */ = {isa = PBXFileReference; lastKnownFileType = file.storyboard; name = Base; path = Base.lproj/LaunchScreen.storyboard; sourceTree = "<group>"; };
		1A4287FE2058C54500139197 /* Info.plist */ = {isa = PBXFileReference; lastKnownFileType = text.plist.xml; path = Info.plist; sourceTree = "<group>"; };
		1A4287FF2058C54500139197 /* main.m */ = {isa = PBXFileReference; lastKnownFileType = sourcecode.c.objc; path = main.m; sourceTree = "<group>"; };
		1ABBBDEB206BB35600EF5E73 /* ProjectDeatilModel.h */ = {isa = PBXFileReference; lastKnownFileType = sourcecode.c.h; path = ProjectDeatilModel.h; sourceTree = "<group>"; };
		1ABBBDEC206BB35600EF5E73 /* ProjectDeatilModel.m */ = {isa = PBXFileReference; lastKnownFileType = sourcecode.c.objc; path = ProjectDeatilModel.m; sourceTree = "<group>"; };
		1ABBBDEE206BB36500EF5E73 /* ProjectDetailViewController.h */ = {isa = PBXFileReference; lastKnownFileType = sourcecode.c.h; path = ProjectDetailViewController.h; sourceTree = "<group>"; };
		1ABBBDEF206BB36500EF5E73 /* ProjectDetailViewController.m */ = {isa = PBXFileReference; lastKnownFileType = sourcecode.c.objc; path = ProjectDetailViewController.m; sourceTree = "<group>"; };
		1ABBBDF1206BB57600EF5E73 /* ProjectDeviceModel.h */ = {isa = PBXFileReference; lastKnownFileType = sourcecode.c.h; path = ProjectDeviceModel.h; sourceTree = "<group>"; };
		1ABBBDF2206BB57600EF5E73 /* ProjectDeviceModel.m */ = {isa = PBXFileReference; lastKnownFileType = sourcecode.c.objc; path = ProjectDeviceModel.m; sourceTree = "<group>"; };
		1ABBBDF4206BB59100EF5E73 /* ProjectIncidentModel.h */ = {isa = PBXFileReference; lastKnownFileType = sourcecode.c.h; path = ProjectIncidentModel.h; sourceTree = "<group>"; };
		1ABBBDF5206BB59100EF5E73 /* ProjectIncidentModel.m */ = {isa = PBXFileReference; lastKnownFileType = sourcecode.c.objc; path = ProjectIncidentModel.m; sourceTree = "<group>"; };
		27EDB572B3120CF164D4E70C /* libPods-YL_Healthy.a */ = {isa = PBXFileReference; explicitFileType = archive.ar; includeInIndex = 0; path = "libPods-YL_Healthy.a"; sourceTree = BUILT_PRODUCTS_DIR; };
		33DC3652D4894BB62CF151A8 /* Pods-YL_Healthy.release.xcconfig */ = {isa = PBXFileReference; includeInIndex = 1; lastKnownFileType = text.xcconfig; name = "Pods-YL_Healthy.release.xcconfig"; path = "Pods/Target Support Files/Pods-YL_Healthy/Pods-YL_Healthy.release.xcconfig"; sourceTree = "<group>"; };
		57D4E47B6CE5821AD8822308 /* Pods-YL_Healthy.debug.xcconfig */ = {isa = PBXFileReference; includeInIndex = 1; lastKnownFileType = text.xcconfig; name = "Pods-YL_Healthy.debug.xcconfig"; path = "Pods/Target Support Files/Pods-YL_Healthy/Pods-YL_Healthy.debug.xcconfig"; sourceTree = "<group>"; };
/* End PBXFileReference section */

/* Begin PBXFrameworksBuildPhase section */
		1A4287EA2058C54500139197 /* Frameworks */ = {
			isa = PBXFrameworksBuildPhase;
			buildActionMask = 2147483647;
			files = (
				6324FB7CEEFAF30C176AB039 /* libPods-YL_Healthy.a in Frameworks */,
			);
			runOnlyForDeploymentPostprocessing = 0;
		};
/* End PBXFrameworksBuildPhase section */

/* Begin PBXGroup section */
		110ED5FC206A220C00EEA83C /* Manager */ = {
			isa = PBXGroup;
			children = (
				110ED61D206B787200EEA83C /* views */,
				110ED5FD206A222600EEA83C /* ItemManagerController.h */,
				110ED5FE206A222600EEA83C /* ItemManagerController.m */,
				110ED5FF206A222600EEA83C /* ItemManagerController.xib */,
				110ED618206B492E00EEA83C /* ItemSearchController.h */,
				110ED619206B492E00EEA83C /* ItemSearchController.m */,
				110ED61A206B492E00EEA83C /* ItemSearchController.xib */,
				1A154514206F84B000260AB3 /* AddManagerProViewController.h */,
				1A154515206F84B000260AB3 /* AddManagerProViewController.m */,
				1A154516206F84B000260AB3 /* AddManagerProViewController.xib */,
			);
			path = Manager;
			sourceTree = "<group>";
		};
		110ED602206B27EB00EEA83C /* Center */ = {
			isa = PBXGroup;
			children = (
				110ED603206B283700EEA83C /* SettingController.h */,
				110ED604206B283700EEA83C /* SettingController.m */,
				110ED605206B283700EEA83C /* SettingController.xib */,
				110ED608206B2A2300EEA83C /* ChangePwdController.h */,
				110ED609206B2A2400EEA83C /* ChangePwdController.m */,
				110ED60A206B2A2400EEA83C /* ChangePwdController.xib */,
				110ED60D206B2CBA00EEA83C /* AboutController.h */,
				110ED60E206B2CBA00EEA83C /* AboutController.m */,
				110ED60F206B2CBA00EEA83C /* AboutController.xib */,
				110ED612206B2F9600EEA83C /* UserInfoController.h */,
				110ED613206B2F9600EEA83C /* UserInfoController.m */,
				110ED614206B2F9600EEA83C /* UserInfoController.xib */,
			);
			path = Center;
			sourceTree = "<group>";
		};
		110ED61D206B787200EEA83C /* views */ = {
			isa = PBXGroup;
			children = (
				110ED61E206B795A00EEA83C /* ItemCell.h */,
				110ED61F206B795A00EEA83C /* ItemCell.m */,
				110ED620206B795A00EEA83C /* ItemCell.xib */,
			);
			path = views;
			sourceTree = "<group>";
		};
		11C5DA052058F4BE005F09CD /* SupportFiles */ = {
			isa = PBXGroup;
			children = (
				1A4287F02058C54500139197 /* AppDelegate.h */,
				1A4287F12058C54500139197 /* AppDelegate.m */,
				1A4287F92058C54500139197 /* Assets.xcassets */,
				1A4287FB2058C54500139197 /* LaunchScreen.storyboard */,
				1A4287FE2058C54500139197 /* Info.plist */,
				1A4287FF2058C54500139197 /* main.m */,
				11C5DAF72058F584005F09CD /* PrefixHeader.pch */,
			);
			path = SupportFiles;
			sourceTree = "<group>";
		};
		11C5DA062058F4E9005F09CD /* BaseVC */ = {
			isa = PBXGroup;
			children = (
				11C5DAF82058F6F5005F09CD /* BaseViewController.h */,
				11C5DAF92058F6F5005F09CD /* BaseViewController.m */,
				11C5DAFB2058F7E3005F09CD /* BaseNaviViewController.h */,
				11C5DAFC2058F7E4005F09CD /* BaseNaviViewController.m */,
			);
			path = BaseVC;
			sourceTree = "<group>";
		};
		11C5DA072058F564005F09CD /* Tools */ = {
			isa = PBXGroup;
			children = (
				11C5DA082058F564005F09CD /* Category */,
				11C5DA0F2058F564005F09CD /* CBSegmentView.h */,
				11C5DA102058F564005F09CD /* CBSegmentView.m */,
				11C5DA112058F564005F09CD /* CCDatePickerView.h */,
				11C5DA122058F564005F09CD /* CCDatePickerView.m */,
				11C5DA132058F564005F09CD /* CodeView */,
				11C5DA1A2058F564005F09CD /* ImageCenterButton.h */,
				11C5DA1B2058F564005F09CD /* ImageCenterButton.m */,
				11C5DA1C2058F564005F09CD /* KRBaseTool.h */,
				11C5DA1D2058F564005F09CD /* KRBaseTool.m */,
				11C5DA1E2058F564005F09CD /* KRMainNetTool.h */,
				11C5DA1F2058F564005F09CD /* KRMainNetTool.m */,
				11C5DA202058F564005F09CD /* KRMySegmentView.h */,
				11C5DA212058F564005F09CD /* KRMySegmentView.m */,
				11C5DA222058F564005F09CD /* KRMyTextView.h */,
				11C5DA232058F564005F09CD /* KRMyTextView.m */,
				11C5DA242058F564005F09CD /* KRUserInfo.h */,
				11C5DA252058F564005F09CD /* KRUserInfo.m */,
				11C5DA262058F564005F09CD /* LDXScore.h */,
				11C5DA272058F564005F09CD /* LDXScore.m */,
				11C5DA282058F564005F09CD /* LRMacroDefinitionHeader.h */,
				11C5DA292058F564005F09CD /* NSString+LocaString.h */,
				11C5DA2A2058F564005F09CD /* NSString+LocaString.m */,
				11C5DA902058F564005F09CD /* SDBrowserImageView.h */,
				11C5DA912058F564005F09CD /* SDBrowserImageView.m */,
				11C5DA922058F564005F09CD /* SDPhotoBrowser.h */,
				11C5DA932058F564005F09CD /* SDPhotoBrowser.m */,
				11C5DA942058F564005F09CD /* SDPhotoBrowserConfig.h */,
				11C5DA952058F564005F09CD /* SDWaitingView.h */,
				11C5DA962058F564005F09CD /* SDWaitingView.m */,
				11C5DA972058F564005F09CD /* Singleton.h */,
				11C5DA982058F564005F09CD /* TYPagerController */,
				11C5DAA22058F564005F09CD /* YHArcSlider.h */,
				11C5DAA32058F564005F09CD /* YHArcSlider.m */,
				11C5DAA42058F564005F09CD /* YHMath.h */,
				11C5DAA52058F564005F09CD /* YHMath.m */,
				11C5DAA62058F564005F09CD /* ZLPickPhoto */,
				11C5DAB02058F564005F09CD /* 分类 */,
				11C5DABE2058F564005F09CD /* 自定义banner */,
				11C5DB10205919E9005F09CD /* KRDatePicker.h */,
				11C5DB11205919E9005F09CD /* KRDatePicker.m */,
				11C5DB13205919FA005F09CD /* KRDatePicker.xib */,
			);
			path = Tools;
			sourceTree = "<group>";
		};
		11C5DA082058F564005F09CD /* Category */ = {
			isa = PBXGroup;
			children = (
				11C5DA092058F564005F09CD /* CALayer+CircleBoard.h */,
				11C5DA0A2058F564005F09CD /* CALayer+CircleBoard.m */,
				11C5DA0B2058F564005F09CD /* UIImage+Color.h */,
				11C5DA0C2058F564005F09CD /* UIImage+Color.m */,
				11C5DA0D2058F564005F09CD /* UIView+EX.h */,
				11C5DA0E2058F564005F09CD /* UIView+EX.m */,
			);
			path = Category;
			sourceTree = "<group>";
		};
		11C5DA132058F564005F09CD /* CodeView */ = {
			isa = PBXGroup;
			children = (
				11C5DA142058F564005F09CD /* CodeView.h */,
				11C5DA152058F564005F09CD /* CodeView.m */,
				11C5DA162058F564005F09CD /* NSString+Category.h */,
				11C5DA172058F564005F09CD /* NSString+Category.m */,
			);
			path = CodeView;
			sourceTree = "<group>";
		};
		11C5DA982058F564005F09CD /* TYPagerController */ = {
			isa = PBXGroup;
			children = (
				11C5DA992058F564005F09CD /* TYPagerController.h */,
				11C5DA9A2058F564005F09CD /* TYPagerController.m */,
				11C5DA9B2058F564005F09CD /* TYTabButtonPagerController.h */,
				11C5DA9C2058F564005F09CD /* TYTabButtonPagerController.m */,
				11C5DA9D2058F564005F09CD /* TYTabPagerController.h */,
				11C5DA9E2058F564005F09CD /* TYTabPagerController.m */,
				11C5DA9F2058F564005F09CD /* TYTabTitleCellProtocol.h */,
				11C5DAA02058F564005F09CD /* TYTabTitleViewCell.h */,
				11C5DAA12058F564005F09CD /* TYTabTitleViewCell.m */,
			);
			path = TYPagerController;
			sourceTree = "<group>";
		};
		11C5DAA62058F564005F09CD /* ZLPickPhoto */ = {
			isa = PBXGroup;
			children = (
				11C5DAA72058F564005F09CD /* ZLPhotoCell.h */,
				11C5DAA82058F564005F09CD /* ZLPhotoCell.m */,
				11C5DAA92058F564005F09CD /* ZLPhotoCell.xib */,
				11C5DAAA2058F564005F09CD /* ZLPhotoHelper.h */,
				11C5DAAB2058F564005F09CD /* ZLPhotoHelper.m */,
				11C5DAAC2058F564005F09CD /* ZLPickPhotoViewController.h */,
				11C5DAAD2058F564005F09CD /* ZLPickPhotoViewController.m */,
				11C5DAAE2058F564005F09CD /* ZLShowImageViewController.h */,
				11C5DAAF2058F564005F09CD /* ZLShowImageViewController.m */,
			);
			path = ZLPickPhoto;
			sourceTree = "<group>";
		};
		11C5DAB02058F564005F09CD /* 分类 */ = {
			isa = PBXGroup;
			children = (
				11C5DAB12058F564005F09CD /* MBProgressHUD+KR.h */,
				11C5DAB22058F564005F09CD /* MBProgressHUD+KR.m */,
				11C5DAB32058F564005F09CD /* MBProgressHUD.bundle */,
				11C5DAB42058F564005F09CD /* NSDictionary+deletNull.h */,
				11C5DAB52058F564005F09CD /* NSDictionary+deletNull.m */,
				11C5DAB62058F564005F09CD /* NSObject+KRExtention.h */,
				11C5DAB72058F564005F09CD /* NSObject+KRExtention.m */,
				11C5DAB82058F564005F09CD /* NSString+CZNSStringExt.h */,
				11C5DAB92058F564005F09CD /* NSString+CZNSStringExt.m */,
				11C5DABA2058F564005F09CD /* UITableView+KREmptyData.h */,
				11C5DABB2058F564005F09CD /* UITableView+KREmptyData.m */,
				11C5DABC2058F564005F09CD /* UIView+BorderLine.h */,
				11C5DABD2058F564005F09CD /* UIView+BorderLine.m */,
			);
			path = "分类";
			sourceTree = "<group>";
		};
		11C5DABE2058F564005F09CD /* 自定义banner */ = {
			isa = PBXGroup;
			children = (
				11C5DABF2058F564005F09CD /* NewPagedFlowView.h */,
				11C5DAC02058F564005F09CD /* NewPagedFlowView.m */,
				11C5DAC12058F564005F09CD /* PGIndexBannerSubiew.h */,
				11C5DAC22058F564005F09CD /* PGIndexBannerSubiew.m */,
			);
			path = "自定义banner";
			sourceTree = "<group>";
		};
		11C5DAFE2058FC29005F09CD /* Classes */ = {
			isa = PBXGroup;
			children = (
				1ABBBDEA206BB34200EF5E73 /* ProjectDetail */,
				110ED602206B27EB00EEA83C /* Center */,
				110ED5FC206A220C00EEA83C /* Manager */,
				11C5DB15205924A7005F09CD /* Commit */,
				11C5DB002058FD70005F09CD /* Home */,
				11C5DAFF2058FD45005F09CD /* Login&Register */,
				11C5DA062058F4E9005F09CD /* BaseVC */,
			);
			path = Classes;
			sourceTree = "<group>";
		};
		11C5DAFF2058FD45005F09CD /* Login&Register */ = {
			isa = PBXGroup;
			children = (
				11C5DB062059017E005F09CD /* LoginViewController.h */,
				11C5DB072059017E005F09CD /* LoginViewController.m */,
				11C5DB082059017E005F09CD /* LoginViewController.xib */,
				11C5DB0B20591038005F09CD /* CompleteInfoController.h */,
				11C5DB0C20591038005F09CD /* CompleteInfoController.m */,
				11C5DB0D20591038005F09CD /* CompleteInfoController.xib */,
			);
			path = "Login&Register";
			sourceTree = "<group>";
		};
		11C5DB002058FD70005F09CD /* Home */ = {
			isa = PBXGroup;
			children = (
				11C5DB012058FDD8005F09CD /* HomeViewController.h */,
				11C5DB022058FDD8005F09CD /* HomeViewController.m */,
				11C5DB032058FDD8005F09CD /* HomeViewController.xib */,
			);
			path = Home;
			sourceTree = "<group>";
		};
		11C5DB15205924A7005F09CD /* Commit */ = {
			isa = PBXGroup;
			children = (
				11C5DB37205A1AC7005F09CD /* views */,
				11C5DB16205924FC005F09CD /* CommitItemController.h */,
				11C5DB17205924FC005F09CD /* CommitItemController.m */,
				11C5DB18205924FC005F09CD /* CommitItemController.xib */,
				11C5DB32205A17C6005F09CD /* CommitDeviceController.h */,
				11C5DB33205A17C6005F09CD /* CommitDeviceController.m */,
				11C5DB34205A17C6005F09CD /* CommitDeviceController.xib */,
				11C5DB3B205A50AC005F09CD /* CommitSuccessController.h */,
				11C5DB3C205A50AC005F09CD /* CommitSuccessController.m */,
				11C5DB3D205A50AC005F09CD /* CommitSuccessController.xib */,
				113EE3FF206C903C00332DAE /* DeviceChooseController.h */,
				113EE400206C903C00332DAE /* DeviceChooseController.m */,
				113EE401206C903C00332DAE /* DeviceChooseController.xib */,
			);
			path = Commit;
			sourceTree = "<group>";
		};
		11C5DB37205A1AC7005F09CD /* views */ = {
			isa = PBXGroup;
			children = (
				11C5DB38205A1AF5005F09CD /* DeviceInfoView.h */,
				11C5DB39205A1AF5005F09CD /* DeviceInfoView.m */,
			);
			path = views;
			sourceTree = "<group>";
		};
		1A4287E42058C54500139197 = {
			isa = PBXGroup;
			children = (
				1A4287EF2058C54500139197 /* YL_Healthy */,
				1A4287EE2058C54500139197 /* Products */,
				82D814E7FD58CA1AF68A45AF /* Pods */,
				7E9972EF409E47509A778DE4 /* Frameworks */,
			);
			sourceTree = "<group>";
		};
		1A4287EE2058C54500139197 /* Products */ = {
			isa = PBXGroup;
			children = (
				1A4287ED2058C54500139197 /* YL_Healthy.app */,
			);
			name = Products;
			sourceTree = "<group>";
		};
		1A4287EF2058C54500139197 /* YL_Healthy */ = {
			isa = PBXGroup;
			children = (
				11C5DAFE2058FC29005F09CD /* Classes */,
				11C5DA072058F564005F09CD /* Tools */,
				11C5DA052058F4BE005F09CD /* SupportFiles */,
			);
			path = YL_Healthy;
			sourceTree = "<group>";
		};
		1ABBBDEA206BB34200EF5E73 /* ProjectDetail */ = {
			isa = PBXGroup;
			children = (
				1ABBBDEB206BB35600EF5E73 /* ProjectDeatilModel.h */,
				1ABBBDEC206BB35600EF5E73 /* ProjectDeatilModel.m */,
				1ABBBDEE206BB36500EF5E73 /* ProjectDetailViewController.h */,
				1ABBBDEF206BB36500EF5E73 /* ProjectDetailViewController.m */,
				1ABBBDF1206BB57600EF5E73 /* ProjectDeviceModel.h */,
				1ABBBDF2206BB57600EF5E73 /* ProjectDeviceModel.m */,
				1ABBBDF4206BB59100EF5E73 /* ProjectIncidentModel.h */,
				1ABBBDF5206BB59100EF5E73 /* ProjectIncidentModel.m */,
				1A154519206F8CA200260AB3 /* AddWorkViewController.h */,
				1A15451A206F8CA200260AB3 /* AddWorkViewController.m */,
				1A15451B206F8CA200260AB3 /* AddWorkViewController.xib */,
			);
			path = ProjectDetail;
			sourceTree = "<group>";
		};
		7E9972EF409E47509A778DE4 /* Frameworks */ = {
			isa = PBXGroup;
			children = (
				27EDB572B3120CF164D4E70C /* libPods-YL_Healthy.a */,
			);
			name = Frameworks;
			sourceTree = "<group>";
		};
		82D814E7FD58CA1AF68A45AF /* Pods */ = {
			isa = PBXGroup;
			children = (
				57D4E47B6CE5821AD8822308 /* Pods-YL_Healthy.debug.xcconfig */,
				33DC3652D4894BB62CF151A8 /* Pods-YL_Healthy.release.xcconfig */,
			);
			name = Pods;
			sourceTree = "<group>";
		};
/* End PBXGroup section */

/* Begin PBXNativeTarget section */
		1A4287EC2058C54500139197 /* YL_Healthy */ = {
			isa = PBXNativeTarget;
			buildConfigurationList = 1A4288032058C54500139197 /* Build configuration list for PBXNativeTarget "YL_Healthy" */;
			buildPhases = (
				DED60E204546E724C56CB48C /* [CP] Check Pods Manifest.lock */,
				1A4287E92058C54500139197 /* Sources */,
				1A4287EA2058C54500139197 /* Frameworks */,
				1A4287EB2058C54500139197 /* Resources */,
				5EAD0B542828AD747A56B007 /* [CP] Embed Pods Frameworks */,
				997531BC000DD73730466E0E /* [CP] Copy Pods Resources */,
			);
			buildRules = (
			);
			dependencies = (
			);
			name = YL_Healthy;
			productName = YL_Healthy;
			productReference = 1A4287ED2058C54500139197 /* YL_Healthy.app */;
			productType = "com.apple.product-type.application";
		};
/* End PBXNativeTarget section */

/* Begin PBXProject section */
		1A4287E52058C54500139197 /* Project object */ = {
			isa = PBXProject;
			attributes = {
				LastUpgradeCheck = 0920;
				ORGANIZATIONNAME = "曾洪磊";
				TargetAttributes = {
					1A4287EC2058C54500139197 = {
						CreatedOnToolsVersion = 9.2;
						ProvisioningStyle = Automatic;
					};
				};
			};
			buildConfigurationList = 1A4287E82058C54500139197 /* Build configuration list for PBXProject "YL_Healthy" */;
			compatibilityVersion = "Xcode 8.0";
			developmentRegion = en;
			hasScannedForEncodings = 0;
			knownRegions = (
				en,
				Base,
			);
			mainGroup = 1A4287E42058C54500139197;
			productRefGroup = 1A4287EE2058C54500139197 /* Products */;
			projectDirPath = "";
			projectRoot = "";
			targets = (
				1A4287EC2058C54500139197 /* YL_Healthy */,
			);
		};
/* End PBXProject section */

/* Begin PBXResourcesBuildPhase section */
		1A4287EB2058C54500139197 /* Resources */ = {
			isa = PBXResourcesBuildPhase;
			buildActionMask = 2147483647;
			files = (
				110ED601206A222600EEA83C /* ItemManagerController.xib in Resources */,
				1A4287FD2058C54500139197 /* LaunchScreen.storyboard in Resources */,
				11C5DAEA2058F565005F09CD /* ZLPhotoCell.xib in Resources */,
				110ED60C206B2A2400EEA83C /* ChangePwdController.xib in Resources */,
				11C5DB36205A17C6005F09CD /* CommitDeviceController.xib in Resources */,
				11C5DB3F205A50AC005F09CD /* CommitSuccessController.xib in Resources */,
				110ED616206B2F9600EEA83C /* UserInfoController.xib in Resources */,
				11C5DB14205919FA005F09CD /* KRDatePicker.xib in Resources */,
				1A154518206F84B000260AB3 /* AddManagerProViewController.xib in Resources */,
				110ED622206B795A00EEA83C /* ItemCell.xib in Resources */,
				110ED611206B2CBA00EEA83C /* AboutController.xib in Resources */,
				11C5DB0A2059017E005F09CD /* LoginViewController.xib in Resources */,
				110ED607206B283700EEA83C /* SettingController.xib in Resources */,
				110ED61C206B492E00EEA83C /* ItemSearchController.xib in Resources */,
				11C5DB1A205924FC005F09CD /* CommitItemController.xib in Resources */,
				1A4287FA2058C54500139197 /* Assets.xcassets in Resources */,
				113EE403206C903C00332DAE /* DeviceChooseController.xib in Resources */,
				11C5DAEF2058F565005F09CD /* MBProgressHUD.bundle in Resources */,
				11C5DB0F20591038005F09CD /* CompleteInfoController.xib in Resources */,
				1A15451D206F8CA200260AB3 /* AddWorkViewController.xib in Resources */,
				11C5DB052058FDD8005F09CD /* HomeViewController.xib in Resources */,
			);
			runOnlyForDeploymentPostprocessing = 0;
		};
/* End PBXResourcesBuildPhase section */

/* Begin PBXShellScriptBuildPhase section */
		5EAD0B542828AD747A56B007 /* [CP] Embed Pods Frameworks */ = {
			isa = PBXShellScriptBuildPhase;
			buildActionMask = 2147483647;
			files = (
			);
			inputPaths = (
			);
			name = "[CP] Embed Pods Frameworks";
			outputPaths = (
			);
			runOnlyForDeploymentPostprocessing = 0;
			shellPath = /bin/sh;
			shellScript = "\"${SRCROOT}/Pods/Target Support Files/Pods-YL_Healthy/Pods-YL_Healthy-frameworks.sh\"\n";
			showEnvVarsInLog = 0;
		};
		997531BC000DD73730466E0E /* [CP] Copy Pods Resources */ = {
			isa = PBXShellScriptBuildPhase;
			buildActionMask = 2147483647;
			files = (
			);
			inputPaths = (
				"${SRCROOT}/Pods/Target Support Files/Pods-YL_Healthy/Pods-YL_Healthy-resources.sh",
				"${PODS_ROOT}/IQKeyboardManager/IQKeyboardManager/Resources/IQKeyboardManager.bundle",
				"${PODS_ROOT}/MJRefresh/MJRefresh/MJRefresh.bundle",
			);
			name = "[CP] Copy Pods Resources";
			outputPaths = (
				"${TARGET_BUILD_DIR}/${UNLOCALIZED_RESOURCES_FOLDER_PATH}/IQKeyboardManager.bundle",
				"${TARGET_BUILD_DIR}/${UNLOCALIZED_RESOURCES_FOLDER_PATH}/MJRefresh.bundle",
			);
			runOnlyForDeploymentPostprocessing = 0;
			shellPath = /bin/sh;
			shellScript = "\"${SRCROOT}/Pods/Target Support Files/Pods-YL_Healthy/Pods-YL_Healthy-resources.sh\"\n";
			showEnvVarsInLog = 0;
		};
		DED60E204546E724C56CB48C /* [CP] Check Pods Manifest.lock */ = {
			isa = PBXShellScriptBuildPhase;
			buildActionMask = 2147483647;
			files = (
			);
			inputPaths = (
				"${PODS_PODFILE_DIR_PATH}/Podfile.lock",
				"${PODS_ROOT}/Manifest.lock",
			);
			name = "[CP] Check Pods Manifest.lock";
			outputPaths = (
				"$(DERIVED_FILE_DIR)/Pods-YL_Healthy-checkManifestLockResult.txt",
			);
			runOnlyForDeploymentPostprocessing = 0;
			shellPath = /bin/sh;
			shellScript = "diff \"${PODS_PODFILE_DIR_PATH}/Podfile.lock\" \"${PODS_ROOT}/Manifest.lock\" > /dev/null\nif [ $? != 0 ] ; then\n    # print error to STDERR\n    echo \"error: The sandbox is not in sync with the Podfile.lock. Run 'pod install' or update your CocoaPods installation.\" >&2\n    exit 1\nfi\n# This output is used by Xcode 'outputs' to avoid re-running this script phase.\necho \"SUCCESS\" > \"${SCRIPT_OUTPUT_FILE_0}\"\n";
			showEnvVarsInLog = 0;
		};
/* End PBXShellScriptBuildPhase section */

/* Begin PBXSourcesBuildPhase section */
		1A4287E92058C54500139197 /* Sources */ = {
			isa = PBXSourcesBuildPhase;
			buildActionMask = 2147483647;
			files = (
				110ED615206B2F9600EEA83C /* UserInfoController.m in Sources */,
				110ED600206A222600EEA83C /* ItemManagerController.m in Sources */,
				11C5DAE72058F565005F09CD /* YHArcSlider.m in Sources */,
				110ED606206B283700EEA83C /* SettingController.m in Sources */,
				11C5DAEE2058F565005F09CD /* MBProgressHUD+KR.m in Sources */,
				110ED621206B795A00EEA83C /* ItemCell.m in Sources */,
				11C5DAC72058F565005F09CD /* CCDatePickerView.m in Sources */,
				11C5DAE52058F565005F09CD /* TYTabPagerController.m in Sources */,
				11C5DAE62058F565005F09CD /* TYTabTitleViewCell.m in Sources */,
				11C5DAE02058F565005F09CD /* SDBrowserImageView.m in Sources */,
				11C5DAE22058F565005F09CD /* SDWaitingView.m in Sources */,
				1ABBBDF3206BB57600EF5E73 /* ProjectDeviceModel.m in Sources */,
				11C5DB0E20591038005F09CD /* CompleteInfoController.m in Sources */,
				11C5DAF52058F565005F09CD /* NewPagedFlowView.m in Sources */,
				110ED610206B2CBA00EEA83C /* AboutController.m in Sources */,
				11C5DACC2058F565005F09CD /* KRBaseTool.m in Sources */,
				1ABBBDF6206BB59100EF5E73 /* ProjectIncidentModel.m in Sources */,
				110ED61B206B492E00EEA83C /* ItemSearchController.m in Sources */,
				1A4288002058C54500139197 /* main.m in Sources */,
				11C5DAF12058F565005F09CD /* NSObject+KRExtention.m in Sources */,
				113EE402206C903C00332DAE /* DeviceChooseController.m in Sources */,
				11C5DAE42058F565005F09CD /* TYTabButtonPagerController.m in Sources */,
				11C5DAF22058F565005F09CD /* NSString+CZNSStringExt.m in Sources */,
				11C5DAE82058F565005F09CD /* YHMath.m in Sources */,
				11C5DAE12058F565005F09CD /* SDPhotoBrowser.m in Sources */,
				11C5DAF62058F565005F09CD /* PGIndexBannerSubiew.m in Sources */,
				1ABBBDF0206BB36500EF5E73 /* ProjectDetailViewController.m in Sources */,
				11C5DAC42058F565005F09CD /* UIImage+Color.m in Sources */,
				11C5DAC82058F565005F09CD /* CodeView.m in Sources */,
				11C5DAF02058F565005F09CD /* NSDictionary+deletNull.m in Sources */,
				1ABBBDED206BB35600EF5E73 /* ProjectDeatilModel.m in Sources */,
				11C5DAFD2058F7E4005F09CD /* BaseNaviViewController.m in Sources */,
				11C5DAC92058F565005F09CD /* NSString+Category.m in Sources */,
				11C5DB19205924FC005F09CD /* CommitItemController.m in Sources */,
				1A154517206F84B000260AB3 /* AddManagerProViewController.m in Sources */,
				1A4287F22058C54500139197 /* AppDelegate.m in Sources */,
				11C5DAEB2058F565005F09CD /* ZLPhotoHelper.m in Sources */,
				11C5DAFA2058F6F5005F09CD /* BaseViewController.m in Sources */,
				11C5DB3E205A50AC005F09CD /* CommitSuccessController.m in Sources */,
				11C5DAEC2058F565005F09CD /* ZLPickPhotoViewController.m in Sources */,
				110ED60B206B2A2400EEA83C /* ChangePwdController.m in Sources */,
				11C5DAD22058F565005F09CD /* NSString+LocaString.m in Sources */,
				11C5DACE2058F565005F09CD /* KRMySegmentView.m in Sources */,
				11C5DB042058FDD8005F09CD /* HomeViewController.m in Sources */,
				11C5DAE32058F565005F09CD /* TYPagerController.m in Sources */,
				11C5DAD12058F565005F09CD /* LDXScore.m in Sources */,
				11C5DAE92058F565005F09CD /* ZLPhotoCell.m in Sources */,
				11C5DAC62058F565005F09CD /* CBSegmentView.m in Sources */,
				11C5DB092059017E005F09CD /* LoginViewController.m in Sources */,
				11C5DAC52058F565005F09CD /* UIView+EX.m in Sources */,
				11C5DB3A205A1AF5005F09CD /* DeviceInfoView.m in Sources */,
				11C5DAED2058F565005F09CD /* ZLShowImageViewController.m in Sources */,
				11C5DAF32058F565005F09CD /* UITableView+KREmptyData.m in Sources */,
				11C5DACD2058F565005F09CD /* KRMainNetTool.m in Sources */,
				11C5DB12205919E9005F09CD /* KRDatePicker.m in Sources */,
				1A15451C206F8CA200260AB3 /* AddWorkViewController.m in Sources */,
				11C5DB35205A17C6005F09CD /* CommitDeviceController.m in Sources */,
				11C5DACF2058F565005F09CD /* KRMyTextView.m in Sources */,
				11C5DAF42058F565005F09CD /* UIView+BorderLine.m in Sources */,
				11C5DAC32058F565005F09CD /* CALayer+CircleBoard.m in Sources */,
				11C5DACB2058F565005F09CD /* ImageCenterButton.m in Sources */,
				11C5DAD02058F565005F09CD /* KRUserInfo.m in Sources */,
			);
			runOnlyForDeploymentPostprocessing = 0;
		};
/* End PBXSourcesBuildPhase section */

/* Begin PBXVariantGroup section */
		1A4287FB2058C54500139197 /* LaunchScreen.storyboard */ = {
			isa = PBXVariantGroup;
			children = (
				1A4287FC2058C54500139197 /* Base */,
			);
			name = LaunchScreen.storyboard;
			sourceTree = "<group>";
		};
/* End PBXVariantGroup section */

/* Begin XCBuildConfiguration section */
		1A4288012058C54500139197 /* Debug */ = {
			isa = XCBuildConfiguration;
			buildSettings = {
				ALWAYS_SEARCH_USER_PATHS = NO;
				CLANG_ANALYZER_NONNULL = YES;
				CLANG_ANALYZER_NUMBER_OBJECT_CONVERSION = YES_AGGRESSIVE;
				CLANG_CXX_LANGUAGE_STANDARD = "gnu++14";
				CLANG_CXX_LIBRARY = "libc++";
				CLANG_ENABLE_MODULES = YES;
				CLANG_ENABLE_OBJC_ARC = YES;
				CLANG_WARN_BLOCK_CAPTURE_AUTORELEASING = YES;
				CLANG_WARN_BOOL_CONVERSION = YES;
				CLANG_WARN_COMMA = YES;
				CLANG_WARN_CONSTANT_CONVERSION = YES;
				CLANG_WARN_DIRECT_OBJC_ISA_USAGE = YES_ERROR;
				CLANG_WARN_DOCUMENTATION_COMMENTS = YES;
				CLANG_WARN_EMPTY_BODY = YES;
				CLANG_WARN_ENUM_CONVERSION = YES;
				CLANG_WARN_INFINITE_RECURSION = YES;
				CLANG_WARN_INT_CONVERSION = YES;
				CLANG_WARN_NON_LITERAL_NULL_CONVERSION = YES;
				CLANG_WARN_OBJC_LITERAL_CONVERSION = YES;
				CLANG_WARN_OBJC_ROOT_CLASS = YES_ERROR;
				CLANG_WARN_RANGE_LOOP_ANALYSIS = YES;
				CLANG_WARN_STRICT_PROTOTYPES = YES;
				CLANG_WARN_SUSPICIOUS_MOVE = YES;
				CLANG_WARN_UNGUARDED_AVAILABILITY = YES_AGGRESSIVE;
				CLANG_WARN_UNREACHABLE_CODE = YES;
				CLANG_WARN__DUPLICATE_METHOD_MATCH = YES;
				CODE_SIGN_IDENTITY = "iPhone Developer";
				COPY_PHASE_STRIP = NO;
				DEBUG_INFORMATION_FORMAT = dwarf;
				ENABLE_STRICT_OBJC_MSGSEND = YES;
				ENABLE_TESTABILITY = YES;
				GCC_C_LANGUAGE_STANDARD = gnu11;
				GCC_DYNAMIC_NO_PIC = NO;
				GCC_NO_COMMON_BLOCKS = YES;
				GCC_OPTIMIZATION_LEVEL = 0;
				GCC_PREPROCESSOR_DEFINITIONS = (
					"DEBUG=1",
					"$(inherited)",
				);
				GCC_WARN_64_TO_32_BIT_CONVERSION = YES;
				GCC_WARN_ABOUT_RETURN_TYPE = YES_ERROR;
				GCC_WARN_UNDECLARED_SELECTOR = YES;
				GCC_WARN_UNINITIALIZED_AUTOS = YES_AGGRESSIVE;
				GCC_WARN_UNUSED_FUNCTION = YES;
				GCC_WARN_UNUSED_VARIABLE = YES;
				IPHONEOS_DEPLOYMENT_TARGET = 11.2;
				MTL_ENABLE_DEBUG_INFO = YES;
				ONLY_ACTIVE_ARCH = YES;
				SDKROOT = iphoneos;
			};
			name = Debug;
		};
		1A4288022058C54500139197 /* Release */ = {
			isa = XCBuildConfiguration;
			buildSettings = {
				ALWAYS_SEARCH_USER_PATHS = NO;
				CLANG_ANALYZER_NONNULL = YES;
				CLANG_ANALYZER_NUMBER_OBJECT_CONVERSION = YES_AGGRESSIVE;
				CLANG_CXX_LANGUAGE_STANDARD = "gnu++14";
				CLANG_CXX_LIBRARY = "libc++";
				CLANG_ENABLE_MODULES = YES;
				CLANG_ENABLE_OBJC_ARC = YES;
				CLANG_WARN_BLOCK_CAPTURE_AUTORELEASING = YES;
				CLANG_WARN_BOOL_CONVERSION = YES;
				CLANG_WARN_COMMA = YES;
				CLANG_WARN_CONSTANT_CONVERSION = YES;
				CLANG_WARN_DIRECT_OBJC_ISA_USAGE = YES_ERROR;
				CLANG_WARN_DOCUMENTATION_COMMENTS = YES;
				CLANG_WARN_EMPTY_BODY = YES;
				CLANG_WARN_ENUM_CONVERSION = YES;
				CLANG_WARN_INFINITE_RECURSION = YES;
				CLANG_WARN_INT_CONVERSION = YES;
				CLANG_WARN_NON_LITERAL_NULL_CONVERSION = YES;
				CLANG_WARN_OBJC_LITERAL_CONVERSION = YES;
				CLANG_WARN_OBJC_ROOT_CLASS = YES_ERROR;
				CLANG_WARN_RANGE_LOOP_ANALYSIS = YES;
				CLANG_WARN_STRICT_PROTOTYPES = YES;
				CLANG_WARN_SUSPICIOUS_MOVE = YES;
				CLANG_WARN_UNGUARDED_AVAILABILITY = YES_AGGRESSIVE;
				CLANG_WARN_UNREACHABLE_CODE = YES;
				CLANG_WARN__DUPLICATE_METHOD_MATCH = YES;
				CODE_SIGN_IDENTITY = "iPhone Developer";
				COPY_PHASE_STRIP = NO;
				DEBUG_INFORMATION_FORMAT = "dwarf-with-dsym";
				ENABLE_NS_ASSERTIONS = NO;
				ENABLE_STRICT_OBJC_MSGSEND = YES;
				GCC_C_LANGUAGE_STANDARD = gnu11;
				GCC_NO_COMMON_BLOCKS = YES;
				GCC_WARN_64_TO_32_BIT_CONVERSION = YES;
				GCC_WARN_ABOUT_RETURN_TYPE = YES_ERROR;
				GCC_WARN_UNDECLARED_SELECTOR = YES;
				GCC_WARN_UNINITIALIZED_AUTOS = YES_AGGRESSIVE;
				GCC_WARN_UNUSED_FUNCTION = YES;
				GCC_WARN_UNUSED_VARIABLE = YES;
				IPHONEOS_DEPLOYMENT_TARGET = 11.2;
				MTL_ENABLE_DEBUG_INFO = NO;
				SDKROOT = iphoneos;
				VALIDATE_PRODUCT = YES;
			};
			name = Release;
		};
		1A4288042058C54500139197 /* Debug */ = {
			isa = XCBuildConfiguration;
			baseConfigurationReference = 57D4E47B6CE5821AD8822308 /* Pods-YL_Healthy.debug.xcconfig */;
			buildSettings = {
				ASSETCATALOG_COMPILER_APPICON_NAME = AppIcon;
				CODE_SIGN_STYLE = Automatic;
				DEVELOPMENT_TEAM = 96SAHL399V;
				FRAMEWORK_SEARCH_PATHS = (
					"$(inherited)",
					"$(PROJECT_DIR)/YL_Healthy/Tools/pay",
				);
				GCC_PREFIX_HEADER = YL_Healthy/SupportFiles/PrefixHeader.pch;
				INFOPLIST_FILE = "$(SRCROOT)/YL_Healthy/SupportFiles/Info.plist";
				IPHONEOS_DEPLOYMENT_TARGET = 8.0;
				LD_RUNPATH_SEARCH_PATHS = "$(inherited) @executable_path/Frameworks";
				LIBRARY_SEARCH_PATHS = (
					"$(inherited)",
					"$(PROJECT_DIR)/YL_Healthy/Tools/pay",
				);
				PRODUCT_BUNDLE_IDENTIFIER = health.cn;
				PRODUCT_NAME = "$(TARGET_NAME)";
				TARGETED_DEVICE_FAMILY = "1,2";
			};
			name = Debug;
		};
		1A4288052058C54500139197 /* Release */ = {
			isa = XCBuildConfiguration;
			baseConfigurationReference = 33DC3652D4894BB62CF151A8 /* Pods-YL_Healthy.release.xcconfig */;
			buildSettings = {
				ASSETCATALOG_COMPILER_APPICON_NAME = AppIcon;
				CODE_SIGN_STYLE = Automatic;
				DEVELOPMENT_TEAM = 96SAHL399V;
				FRAMEWORK_SEARCH_PATHS = (
					"$(inherited)",
					"$(PROJECT_DIR)/YL_Healthy/Tools/pay",
				);
				GCC_PREFIX_HEADER = YL_Healthy/SupportFiles/PrefixHeader.pch;
				INFOPLIST_FILE = "$(SRCROOT)/YL_Healthy/SupportFiles/Info.plist";
				IPHONEOS_DEPLOYMENT_TARGET = 8.0;
				LD_RUNPATH_SEARCH_PATHS = "$(inherited) @executable_path/Frameworks";
				LIBRARY_SEARCH_PATHS = (
					"$(inherited)",
					"$(PROJECT_DIR)/YL_Healthy/Tools/pay",
				);
				PRODUCT_BUNDLE_IDENTIFIER = health.cn;
				PRODUCT_NAME = "$(TARGET_NAME)";
				TARGETED_DEVICE_FAMILY = "1,2";
			};
			name = Release;
		};
/* End XCBuildConfiguration section */

/* Begin XCConfigurationList section */
		1A4287E82058C54500139197 /* Build configuration list for PBXProject "YL_Healthy" */ = {
			isa = XCConfigurationList;
			buildConfigurations = (
				1A4288012058C54500139197 /* Debug */,
				1A4288022058C54500139197 /* Release */,
			);
			defaultConfigurationIsVisible = 0;
			defaultConfigurationName = Release;
		};
		1A4288032058C54500139197 /* Build configuration list for PBXNativeTarget "YL_Healthy" */ = {
			isa = XCConfigurationList;
			buildConfigurations = (
				1A4288042058C54500139197 /* Debug */,
				1A4288052058C54500139197 /* Release */,
			);
			defaultConfigurationIsVisible = 0;
			defaultConfigurationName = Release;
		};
/* End XCConfigurationList section */
	};
	rootObject = 1A4287E52058C54500139197 /* Project object */;
}
